// !$*UTF8*$!
{
	archiveVersion = 1;
	classes = {
	};
	objectVersion = 46;
	objects = {

/* Begin PBXBuildFile section */
		7023F9A21BE52F6B0046CF3B /* MSDayColumnHeaderBackground.m in Sources */ = {isa = PBXBuildFile; fileRef = 7023F9A11BE52F6B0046CF3B /* MSDayColumnHeaderBackground.m */; };
		7023F9A51BE52FA10046CF3B /* MSTimeRowHeaderBackground.m in Sources */ = {isa = PBXBuildFile; fileRef = 7023F9A41BE52FA10046CF3B /* MSTimeRowHeaderBackground.m */; };
		7023F9A81BE551030046CF3B /* ScheduleColumnHeader.m in Sources */ = {isa = PBXBuildFile; fileRef = 7023F9A71BE551030046CF3B /* ScheduleColumnHeader.m */; };
		7023F9AB1BE60F680046CF3B /* ScheduleRowHeader.m in Sources */ = {isa = PBXBuildFile; fileRef = 7023F9AA1BE60F680046CF3B /* ScheduleRowHeader.m */; };
		7023F9AE1BE6550A0046CF3B /* XujcSemesterModel.m in Sources */ = {isa = PBXBuildFile; fileRef = 7023F9AD1BE6550A0046CF3B /* XujcSemesterModel.m */; };
		7023F9B41BE678E60046CF3B /* XujcCourse.m in Sources */ = {isa = PBXBuildFile; fileRef = 7023F9B31BE678E60046CF3B /* XujcCourse.m */; };
		7023F9BB1BE681300046CF3B /* XujcCourseEvent.m in Sources */ = {isa = PBXBuildFile; fileRef = 7023F9BA1BE681300046CF3B /* XujcCourseEvent.m */; };
		7023F9BE1BE70BB10046CF3B /* CourseEventCell.m in Sources */ = {isa = PBXBuildFile; fileRef = 7023F9BD1BE70BB10046CF3B /* CourseEventCell.m */; };
		7023F9C21BE72F280046CF3B /* NSDate+Week.m in Sources */ = {isa = PBXBuildFile; fileRef = 7023F9C11BE72F280046CF3B /* NSDate+Week.m */; };
		702F99BD1C7CFC15003B35A7 /* PersonalViewController.m in Sources */ = {isa = PBXBuildFile; fileRef = 702F99BC1C7CFC15003B35A7 /* PersonalViewController.m */; };
		702F99D31C7D08F9003B35A7 /* tabbar-exam-selected@2x.png in Resources */ = {isa = PBXBuildFile; fileRef = 702F99BF1C7D08F9003B35A7 /* tabbar-exam-selected@2x.png */; };
		702F99D41C7D08F9003B35A7 /* tabbar-exam-selected@3x.png in Resources */ = {isa = PBXBuildFile; fileRef = 702F99C01C7D08F9003B35A7 /* tabbar-exam-selected@3x.png */; };
		702F99D51C7D08F9003B35A7 /* tabbar-exam@2x.png in Resources */ = {isa = PBXBuildFile; fileRef = 702F99C11C7D08F9003B35A7 /* tabbar-exam@2x.png */; };
		702F99D61C7D08F9003B35A7 /* tabbar-exam@3x.png in Resources */ = {isa = PBXBuildFile; fileRef = 702F99C21C7D08F9003B35A7 /* tabbar-exam@3x.png */; };
		702F99DB1C7D08F9003B35A7 /* tabbar-personal-selected@2x.png in Resources */ = {isa = PBXBuildFile; fileRef = 702F99C71C7D08F9003B35A7 /* tabbar-personal-selected@2x.png */; };
		702F99DC1C7D08F9003B35A7 /* tabbar-personal-selected@3x.png in Resources */ = {isa = PBXBuildFile; fileRef = 702F99C81C7D08F9003B35A7 /* tabbar-personal-selected@3x.png */; };
		702F99DD1C7D08F9003B35A7 /* tabbar-personal@2x.png in Resources */ = {isa = PBXBuildFile; fileRef = 702F99C91C7D08F9003B35A7 /* tabbar-personal@2x.png */; };
		702F99DE1C7D08F9003B35A7 /* tabbar-personal@3x.png in Resources */ = {isa = PBXBuildFile; fileRef = 702F99CA1C7D08F9003B35A7 /* tabbar-personal@3x.png */; };
		702F99DF1C7D08F9003B35A7 /* tabbar-schedule-selected@2x.png in Resources */ = {isa = PBXBuildFile; fileRef = 702F99CB1C7D08F9003B35A7 /* tabbar-schedule-selected@2x.png */; };
		702F99E01C7D08F9003B35A7 /* tabbar-schedule-selected@3x.png in Resources */ = {isa = PBXBuildFile; fileRef = 702F99CC1C7D08F9003B35A7 /* tabbar-schedule-selected@3x.png */; };
		702F99E11C7D08F9003B35A7 /* tabbar-schedule@2x.png in Resources */ = {isa = PBXBuildFile; fileRef = 702F99CD1C7D08F9003B35A7 /* tabbar-schedule@2x.png */; };
		702F99E21C7D08F9003B35A7 /* tabbar-schedule@3x.png in Resources */ = {isa = PBXBuildFile; fileRef = 702F99CE1C7D08F9003B35A7 /* tabbar-schedule@3x.png */; };
		702F99E31C7D08F9003B35A7 /* tabbar-search-selected@2x.png in Resources */ = {isa = PBXBuildFile; fileRef = 702F99CF1C7D08F9003B35A7 /* tabbar-search-selected@2x.png */; };
		702F99E41C7D08F9003B35A7 /* tabbar-search-selected@3x.png in Resources */ = {isa = PBXBuildFile; fileRef = 702F99D01C7D08F9003B35A7 /* tabbar-search-selected@3x.png */; };
		702F99E51C7D08F9003B35A7 /* tabbar-search@2x.png in Resources */ = {isa = PBXBuildFile; fileRef = 702F99D11C7D08F9003B35A7 /* tabbar-search@2x.png */; };
		702F99E61C7D08F9003B35A7 /* tabbar-search@3x.png in Resources */ = {isa = PBXBuildFile; fileRef = 702F99D21C7D08F9003B35A7 /* tabbar-search@3x.png */; };
		702F99E91C7D1BF6003B35A7 /* UIView+BorderLine.m in Sources */ = {isa = PBXBuildFile; fileRef = 702F99E81C7D1BF6003B35A7 /* UIView+BorderLine.m */; };
		702F99EB1C7D246A003B35A7 /* Localizable.strings in Resources */ = {isa = PBXBuildFile; fileRef = 702F99EA1C7D246A003B35A7 /* Localizable.strings */; };
		70443B691C85DD7D00B0C5DA /* BindingAccountViewController.m in Sources */ = {isa = PBXBuildFile; fileRef = 70443B681C85DD7D00B0C5DA /* BindingAccountViewController.m */; };
		70443B6D1C85DDB100B0C5DA /* LoginViewController.m in Sources */ = {isa = PBXBuildFile; fileRef = 70443B6C1C85DDB100B0C5DA /* LoginViewController.m */; };
		70443B6F1C85F09400B0C5DA /* logo.png in Resources */ = {isa = PBXBuildFile; fileRef = 70443B6E1C85F09400B0C5DA /* logo.png */; };
		7062B67F1C887B020074C716 /* LoginTextFieldGroupView.m in Sources */ = {isa = PBXBuildFile; fileRef = 7062B67E1C887B020074C716 /* LoginTextFieldGroupView.m */; };
		7062B6851C89FC260074C716 /* NSString+Validator.m in Sources */ = {isa = PBXBuildFile; fileRef = 7062B6841C89FC260074C716 /* NSString+Validator.m */; };
		7062B68A1C8A21BF0074C716 /* AFHTTPSessionManager+TYServer.m in Sources */ = {isa = PBXBuildFile; fileRef = 7062B6891C8A21BF0074C716 /* AFHTTPSessionManager+TYServer.m */; };
		7062B68E1C8B0F480074C716 /* RequestViewModel.m in Sources */ = {isa = PBXBuildFile; fileRef = 7062B68D1C8B0F480074C716 /* RequestViewModel.m */; };
		7062B6941C8B842C0074C716 /* UserModel.m in Sources */ = {isa = PBXBuildFile; fileRef = 7062B6931C8B842C0074C716 /* UserModel.m */; };
		7062B69A1C8E14780074C716 /* AccountViewModel.m in Sources */ = {isa = PBXBuildFile; fileRef = 7062B6991C8E14780074C716 /* AccountViewModel.m */; };
		7062B6A61C8E3CCE0074C716 /* MasterViewModel.m in Sources */ = {isa = PBXBuildFile; fileRef = 7062B6A51C8E3CCE0074C716 /* MasterViewModel.m */; };
		7062B6AF1C8F1D620074C716 /* BindingAccountViewModel.m in Sources */ = {isa = PBXBuildFile; fileRef = 7062B6AE1C8F1D620074C716 /* BindingAccountViewModel.m */; };
		7062B6B21C8F5FFE0074C716 /* AFHTTPSessionManager+XujcServer.m in Sources */ = {isa = PBXBuildFile; fileRef = 7062B6B11C8F5FFE0074C716 /* AFHTTPSessionManager+XujcServer.m */; };
		7062B6B91C8F7A6B0074C716 /* FormButton.m in Sources */ = {isa = PBXBuildFile; fileRef = 7062B6B81C8F7A6B0074C716 /* FormButton.m */; };
		7062B6BF1C9241DB0074C716 /* LessonTimeCalculator.m in Sources */ = {isa = PBXBuildFile; fileRef = 7062B6BE1C9241DB0074C716 /* LessonTimeCalculator.m */; };
		7062B6C51C9331BD0074C716 /* ScoreTableViewCell.m in Sources */ = {isa = PBXBuildFile; fileRef = 7062B6C21C9331BD0074C716 /* ScoreTableViewCell.m */; };
		7062B6C61C9331BD0074C716 /* ScoreViewController.m in Sources */ = {isa = PBXBuildFile; fileRef = 7062B6C41C9331BD0074C716 /* ScoreViewController.m */; };
		7062B6C91C9331D10074C716 /* ScoreViewModel.m in Sources */ = {isa = PBXBuildFile; fileRef = 7062B6C81C9331D10074C716 /* ScoreViewModel.m */; };
		7062B6CC1C9333690074C716 /* ScoreTableViewCellViewModel.m in Sources */ = {isa = PBXBuildFile; fileRef = 7062B6CB1C9333690074C716 /* ScoreTableViewCellViewModel.m */; };
		7062B6D41C9369F50074C716 /* FMDatabaseQueue+Utils.m in Sources */ = {isa = PBXBuildFile; fileRef = 7062B6D31C9369F50074C716 /* FMDatabaseQueue+Utils.m */; };
		7062B6D71C93769A0074C716 /* CacheUtils.m in Sources */ = {isa = PBXBuildFile; fileRef = 7062B6D61C93769A0074C716 /* CacheUtils.m */; };
		70730D701C947A41007CBEBB /* SemesterSelectorView.m in Sources */ = {isa = PBXBuildFile; fileRef = 70730D691C947A41007CBEBB /* SemesterSelectorView.m */; };
		70730D711C947A41007CBEBB /* SemesterSelectorViewModel.m in Sources */ = {isa = PBXBuildFile; fileRef = 70730D6B1C947A41007CBEBB /* SemesterSelectorViewModel.m */; };
		70730D721C947A41007CBEBB /* SemesterTableViewCell.m in Sources */ = {isa = PBXBuildFile; fileRef = 70730D6D1C947A41007CBEBB /* SemesterTableViewCell.m */; };
		70730D731C947A41007CBEBB /* SemesterTableViewCellViewModel.m in Sources */ = {isa = PBXBuildFile; fileRef = 70730D6F1C947A41007CBEBB /* SemesterTableViewCellViewModel.m */; };
		70730D761C94A039007CBEBB /* SemesterBaseViewController.m in Sources */ = {isa = PBXBuildFile; fileRef = 70730D751C94A039007CBEBB /* SemesterBaseViewController.m */; };
		70730D791C94A13A007CBEBB /* SemesterBaseViewModel.m in Sources */ = {isa = PBXBuildFile; fileRef = 70730D781C94A13A007CBEBB /* SemesterBaseViewModel.m */; };
		70730D811C999D67007CBEBB /* LoginViewModel.m in Sources */ = {isa = PBXBuildFile; fileRef = 70730D7E1C999D67007CBEBB /* LoginViewModel.m */; };
		70730D821C999D67007CBEBB /* SignupViewModel.m in Sources */ = {isa = PBXBuildFile; fileRef = 70730D801C999D67007CBEBB /* SignupViewModel.m */; };
		70730D861C999DBD007CBEBB /* ScheduleViewController.m in Sources */ = {isa = PBXBuildFile; fileRef = 70730D851C999DBD007CBEBB /* ScheduleViewController.m */; };
		70730D8A1C999DD5007CBEBB /* ScheduleViewModel.m in Sources */ = {isa = PBXBuildFile; fileRef = 70730D891C999DD5007CBEBB /* ScheduleViewModel.m */; };
		70730D8D1C999DF2007CBEBB /* CourseEventViewModel.m in Sources */ = {isa = PBXBuildFile; fileRef = 70730D8C1C999DF2007CBEBB /* CourseEventViewModel.m */; };
		70730D901C999E7F007CBEBB /* PersonalHeaderView.m in Sources */ = {isa = PBXBuildFile; fileRef = 70730D8F1C999E7F007CBEBB /* PersonalHeaderView.m */; };
		70730D951C99BDF8007CBEBB /* SemesterMasterViewModel.m in Sources */ = {isa = PBXBuildFile; fileRef = 70730D941C99BDF8007CBEBB /* SemesterMasterViewModel.m */; };
		70730D991C99F567007CBEBB /* MainTabBarController.m in Sources */ = {isa = PBXBuildFile; fileRef = 70730D981C99F567007CBEBB /* MainTabBarController.m */; };
		70730D9C1C99F580007CBEBB /* MainTabBarViewModel.m in Sources */ = {isa = PBXBuildFile; fileRef = 70730D9B1C99F580007CBEBB /* MainTabBarViewModel.m */; };
		70730DA21C99F842007CBEBB /* PersonalViewModel.m in Sources */ = {isa = PBXBuildFile; fileRef = 70730DA11C99F842007CBEBB /* PersonalViewModel.m */; };
		70730DA51C99F973007CBEBB /* PersonalHeaderViewModel.m in Sources */ = {isa = PBXBuildFile; fileRef = 70730DA41C99F973007CBEBB /* PersonalHeaderViewModel.m */; };
		70730DA81C9A3FFF007CBEBB /* AppUtils.m in Sources */ = {isa = PBXBuildFile; fileRef = 70730DA71C9A3FFF007CBEBB /* AppUtils.m */; };
		70730DAE1C9A6222007CBEBB /* NSData+Coding.m in Sources */ = {isa = PBXBuildFile; fileRef = 70730DAD1C9A6222007CBEBB /* NSData+Coding.m */; };
		708661351BE75B7400AD64C2 /* XujcSection.m in Sources */ = {isa = PBXBuildFile; fileRef = 708661341BE75B7400AD64C2 /* XujcSection.m */; };
		708661381BE775DB00AD64C2 /* CollectionViewScheduleLayout.m in Sources */ = {isa = PBXBuildFile; fileRef = 708661371BE775DB00AD64C2 /* CollectionViewScheduleLayout.m */; };
		70C2B02D1C81294700923B85 /* arrow_down@2x.png in Resources */ = {isa = PBXBuildFile; fileRef = 70C2B0291C81294700923B85 /* arrow_down@2x.png */; };
		70C2B02E1C81294700923B85 /* arrow_down@3x.png in Resources */ = {isa = PBXBuildFile; fileRef = 70C2B02A1C81294700923B85 /* arrow_down@3x.png */; };
		70C2B02F1C81294700923B85 /* arrow_right@2x.png in Resources */ = {isa = PBXBuildFile; fileRef = 70C2B02B1C81294700923B85 /* arrow_right@2x.png */; };
		70C2B0301C81294700923B85 /* arrow_right@3x.png in Resources */ = {isa = PBXBuildFile; fileRef = 70C2B02C1C81294700923B85 /* arrow_right@3x.png */; };
		70C2B0331C81349400923B85 /* UIColor+Theme.m in Sources */ = {isa = PBXBuildFile; fileRef = 70C2B0321C81349400923B85 /* UIColor+Theme.m */; };
		70C2B0361C81E38800923B85 /* settings@2x.png in Resources */ = {isa = PBXBuildFile; fileRef = 70C2B0341C81E38800923B85 /* settings@2x.png */; };
		70C2B0371C81E38800923B85 /* settings@3x.png in Resources */ = {isa = PBXBuildFile; fileRef = 70C2B0351C81E38800923B85 /* settings@3x.png */; };
		70C2B03A1C81ECAA00923B85 /* SettingsViewController.m in Sources */ = {isa = PBXBuildFile; fileRef = 70C2B0391C81ECAA00923B85 /* SettingsViewController.m */; };
		70F7CE1B1BE3AC25001D027C /* main.m in Sources */ = {isa = PBXBuildFile; fileRef = 70F7CE1A1BE3AC25001D027C /* main.m */; };
		70F7CE1E1BE3AC25001D027C /* AppDelegate.m in Sources */ = {isa = PBXBuildFile; fileRef = 70F7CE1D1BE3AC25001D027C /* AppDelegate.m */; };
		70F7CE261BE3AC25001D027C /* Assets.xcassets in Resources */ = {isa = PBXBuildFile; fileRef = 70F7CE251BE3AC25001D027C /* Assets.xcassets */; };
		70F7CE291BE3AC25001D027C /* LaunchScreen.storyboard in Resources */ = {isa = PBXBuildFile; fileRef = 70F7CE271BE3AC25001D027C /* LaunchScreen.storyboard */; };
		70F7CE331BE3BDF0001D027C /* XujcAPI.m in Sources */ = {isa = PBXBuildFile; fileRef = 70F7CE321BE3BDF0001D027C /* XujcAPI.m */; };
		70F7CE3D1BE3E806001D027C /* BaseModel.m in Sources */ = {isa = PBXBuildFile; fileRef = 70F7CE3C1BE3E806001D027C /* BaseModel.m */; };
		70F7CE431BE3E832001D027C /* XujcUser.m in Sources */ = {isa = PBXBuildFile; fileRef = 70F7CE421BE3E832001D027C /* XujcUser.m */; };
		70F7CE491BE3ECAE001D027C /* DynamicData.m in Sources */ = {isa = PBXBuildFile; fileRef = 70F7CE481BE3ECAE001D027C /* DynamicData.m */; };
		70F7CE611BE42391001D027C /* MSEvent.m in Sources */ = {isa = PBXBuildFile; fileRef = 70F7CE601BE42391001D027C /* MSEvent.m */; };
		70F7CE6E1BE43A4F001D027C /* MSGridline.m in Sources */ = {isa = PBXBuildFile; fileRef = 70F7CE6D1BE43A4E001D027C /* MSGridline.m */; };
		70F7CE711BE43AA6001D027C /* MSCurrentTimeIndicator.m in Sources */ = {isa = PBXBuildFile; fileRef = 70F7CE701BE43AA6001D027C /* MSCurrentTimeIndicator.m */; };
		70F7CE741BE43AC3001D027C /* MSCurrentTimeGridline.m in Sources */ = {isa = PBXBuildFile; fileRef = 70F7CE721BE43AC3001D027C /* MSCurrentTimeGridline.m */; };
		70FE64B11C7F8DEE00112038 /* NSString+Safe.m in Sources */ = {isa = PBXBuildFile; fileRef = 70FE64B01C7F8DEE00112038 /* NSString+Safe.m */; };
		70FE64B41C7F9EDC00112038 /* XujcScore.m in Sources */ = {isa = PBXBuildFile; fileRef = 70FE64B31C7F9EDC00112038 /* XujcScore.m */; };
		D6AA2EAC9399777C75CF39CE /* libPods.a in Frameworks */ = {isa = PBXBuildFile; fileRef = F22B4B799576540B0102BE0C /* libPods.a */; };
/* End PBXBuildFile section */

/* Begin PBXFileReference section */
		7023F9A01BE52F6B0046CF3B /* MSDayColumnHeaderBackground.h */ = {isa = PBXFileReference; fileEncoding = 4; lastKnownFileType = sourcecode.c.h; path = MSDayColumnHeaderBackground.h; sourceTree = "<group>"; };
		7023F9A11BE52F6B0046CF3B /* MSDayColumnHeaderBackground.m */ = {isa = PBXFileReference; fileEncoding = 4; lastKnownFileType = sourcecode.c.objc; path = MSDayColumnHeaderBackground.m; sourceTree = "<group>"; };
		7023F9A31BE52FA10046CF3B /* MSTimeRowHeaderBackground.h */ = {isa = PBXFileReference; fileEncoding = 4; lastKnownFileType = sourcecode.c.h; path = MSTimeRowHeaderBackground.h; sourceTree = "<group>"; };
		7023F9A41BE52FA10046CF3B /* MSTimeRowHeaderBackground.m */ = {isa = PBXFileReference; fileEncoding = 4; lastKnownFileType = sourcecode.c.objc; path = MSTimeRowHeaderBackground.m; sourceTree = "<group>"; };
		7023F9A61BE551030046CF3B /* ScheduleColumnHeader.h */ = {isa = PBXFileReference; fileEncoding = 4; lastKnownFileType = sourcecode.c.h; path = ScheduleColumnHeader.h; sourceTree = "<group>"; };
		7023F9A71BE551030046CF3B /* ScheduleColumnHeader.m */ = {isa = PBXFileReference; fileEncoding = 4; lastKnownFileType = sourcecode.c.objc; path = ScheduleColumnHeader.m; sourceTree = "<group>"; };
		7023F9A91BE60F680046CF3B /* ScheduleRowHeader.h */ = {isa = PBXFileReference; fileEncoding = 4; lastKnownFileType = sourcecode.c.h; path = ScheduleRowHeader.h; sourceTree = "<group>"; };
		7023F9AA1BE60F680046CF3B /* ScheduleRowHeader.m */ = {isa = PBXFileReference; fileEncoding = 4; lastKnownFileType = sourcecode.c.objc; path = ScheduleRowHeader.m; sourceTree = "<group>"; };
		7023F9AC1BE6550A0046CF3B /* XujcSemesterModel.h */ = {isa = PBXFileReference; fileEncoding = 4; lastKnownFileType = sourcecode.c.h; path = XujcSemesterModel.h; sourceTree = "<group>"; };
		7023F9AD1BE6550A0046CF3B /* XujcSemesterModel.m */ = {isa = PBXFileReference; fileEncoding = 4; lastKnownFileType = sourcecode.c.objc; path = XujcSemesterModel.m; sourceTree = "<group>"; };
		7023F9B21BE678E60046CF3B /* XujcCourse.h */ = {isa = PBXFileReference; fileEncoding = 4; lastKnownFileType = sourcecode.c.h; path = XujcCourse.h; sourceTree = "<group>"; };
		7023F9B31BE678E60046CF3B /* XujcCourse.m */ = {isa = PBXFileReference; fileEncoding = 4; lastKnownFileType = sourcecode.c.objc; path = XujcCourse.m; sourceTree = "<group>"; };
		7023F9B51BE679C40046CF3B /* XujcRequestKeys.h */ = {isa = PBXFileReference; lastKnownFileType = sourcecode.c.h; path = XujcRequestKeys.h; sourceTree = "<group>"; };
		7023F9B91BE681300046CF3B /* XujcCourseEvent.h */ = {isa = PBXFileReference; fileEncoding = 4; lastKnownFileType = sourcecode.c.h; path = XujcCourseEvent.h; sourceTree = "<group>"; };
		7023F9BA1BE681300046CF3B /* XujcCourseEvent.m */ = {isa = PBXFileReference; fileEncoding = 4; lastKnownFileType = sourcecode.c.objc; path = XujcCourseEvent.m; sourceTree = "<group>"; };
		7023F9BC1BE70BB10046CF3B /* CourseEventCell.h */ = {isa = PBXFileReference; fileEncoding = 4; lastKnownFileType = sourcecode.c.h; path = CourseEventCell.h; sourceTree = "<group>"; };
		7023F9BD1BE70BB10046CF3B /* CourseEventCell.m */ = {isa = PBXFileReference; fileEncoding = 4; lastKnownFileType = sourcecode.c.objc; path = CourseEventCell.m; sourceTree = "<group>"; };
		7023F9C01BE72F280046CF3B /* NSDate+Week.h */ = {isa = PBXFileReference; fileEncoding = 4; lastKnownFileType = sourcecode.c.h; path = "NSDate+Week.h"; sourceTree = "<group>"; };
		7023F9C11BE72F280046CF3B /* NSDate+Week.m */ = {isa = PBXFileReference; fileEncoding = 4; lastKnownFileType = sourcecode.c.objc; path = "NSDate+Week.m"; sourceTree = "<group>"; };
		702F99BB1C7CFC15003B35A7 /* PersonalViewController.h */ = {isa = PBXFileReference; fileEncoding = 4; lastKnownFileType = sourcecode.c.h; path = PersonalViewController.h; sourceTree = "<group>"; };
		702F99BC1C7CFC15003B35A7 /* PersonalViewController.m */ = {isa = PBXFileReference; fileEncoding = 4; lastKnownFileType = sourcecode.c.objc; path = PersonalViewController.m; sourceTree = "<group>"; };
		702F99BF1C7D08F9003B35A7 /* tabbar-exam-selected@2x.png */ = {isa = PBXFileReference; lastKnownFileType = image.png; path = "tabbar-exam-selected@2x.png"; sourceTree = "<group>"; };
		702F99C01C7D08F9003B35A7 /* tabbar-exam-selected@3x.png */ = {isa = PBXFileReference; lastKnownFileType = image.png; path = "tabbar-exam-selected@3x.png"; sourceTree = "<group>"; };
		702F99C11C7D08F9003B35A7 /* tabbar-exam@2x.png */ = {isa = PBXFileReference; lastKnownFileType = image.png; path = "tabbar-exam@2x.png"; sourceTree = "<group>"; };
		702F99C21C7D08F9003B35A7 /* tabbar-exam@3x.png */ = {isa = PBXFileReference; lastKnownFileType = image.png; path = "tabbar-exam@3x.png"; sourceTree = "<group>"; };
		702F99C71C7D08F9003B35A7 /* tabbar-personal-selected@2x.png */ = {isa = PBXFileReference; lastKnownFileType = image.png; path = "tabbar-personal-selected@2x.png"; sourceTree = "<group>"; };
		702F99C81C7D08F9003B35A7 /* tabbar-personal-selected@3x.png */ = {isa = PBXFileReference; lastKnownFileType = image.png; path = "tabbar-personal-selected@3x.png"; sourceTree = "<group>"; };
		702F99C91C7D08F9003B35A7 /* tabbar-personal@2x.png */ = {isa = PBXFileReference; lastKnownFileType = image.png; path = "tabbar-personal@2x.png"; sourceTree = "<group>"; };
		702F99CA1C7D08F9003B35A7 /* tabbar-personal@3x.png */ = {isa = PBXFileReference; lastKnownFileType = image.png; path = "tabbar-personal@3x.png"; sourceTree = "<group>"; };
		702F99CB1C7D08F9003B35A7 /* tabbar-schedule-selected@2x.png */ = {isa = PBXFileReference; lastKnownFileType = image.png; path = "tabbar-schedule-selected@2x.png"; sourceTree = "<group>"; };
		702F99CC1C7D08F9003B35A7 /* tabbar-schedule-selected@3x.png */ = {isa = PBXFileReference; lastKnownFileType = image.png; path = "tabbar-schedule-selected@3x.png"; sourceTree = "<group>"; };
		702F99CD1C7D08F9003B35A7 /* tabbar-schedule@2x.png */ = {isa = PBXFileReference; lastKnownFileType = image.png; path = "tabbar-schedule@2x.png"; sourceTree = "<group>"; };
		702F99CE1C7D08F9003B35A7 /* tabbar-schedule@3x.png */ = {isa = PBXFileReference; lastKnownFileType = image.png; path = "tabbar-schedule@3x.png"; sourceTree = "<group>"; };
		702F99CF1C7D08F9003B35A7 /* tabbar-search-selected@2x.png */ = {isa = PBXFileReference; lastKnownFileType = image.png; path = "tabbar-search-selected@2x.png"; sourceTree = "<group>"; };
		702F99D01C7D08F9003B35A7 /* tabbar-search-selected@3x.png */ = {isa = PBXFileReference; lastKnownFileType = image.png; path = "tabbar-search-selected@3x.png"; sourceTree = "<group>"; };
		702F99D11C7D08F9003B35A7 /* tabbar-search@2x.png */ = {isa = PBXFileReference; lastKnownFileType = image.png; path = "tabbar-search@2x.png"; sourceTree = "<group>"; };
		702F99D21C7D08F9003B35A7 /* tabbar-search@3x.png */ = {isa = PBXFileReference; lastKnownFileType = image.png; path = "tabbar-search@3x.png"; sourceTree = "<group>"; };
		702F99E71C7D1BF6003B35A7 /* UIView+BorderLine.h */ = {isa = PBXFileReference; fileEncoding = 4; lastKnownFileType = sourcecode.c.h; path = "UIView+BorderLine.h"; sourceTree = "<group>"; };
		702F99E81C7D1BF6003B35A7 /* UIView+BorderLine.m */ = {isa = PBXFileReference; fileEncoding = 4; lastKnownFileType = sourcecode.c.objc; path = "UIView+BorderLine.m"; sourceTree = "<group>"; };
		702F99EA1C7D246A003B35A7 /* Localizable.strings */ = {isa = PBXFileReference; fileEncoding = 4; lastKnownFileType = text.plist.strings; path = Localizable.strings; sourceTree = "<group>"; };
		70443B671C85DD7D00B0C5DA /* BindingAccountViewController.h */ = {isa = PBXFileReference; fileEncoding = 4; lastKnownFileType = sourcecode.c.h; path = BindingAccountViewController.h; sourceTree = "<group>"; };
		70443B681C85DD7D00B0C5DA /* BindingAccountViewController.m */ = {isa = PBXFileReference; fileEncoding = 4; lastKnownFileType = sourcecode.c.objc; path = BindingAccountViewController.m; sourceTree = "<group>"; };
		70443B6A1C85DDB100B0C5DA /* LoginLayoutConfigs.h */ = {isa = PBXFileReference; fileEncoding = 4; lastKnownFileType = sourcecode.c.h; path = LoginLayoutConfigs.h; sourceTree = "<group>"; };
		70443B6B1C85DDB100B0C5DA /* LoginViewController.h */ = {isa = PBXFileReference; fileEncoding = 4; lastKnownFileType = sourcecode.c.h; path = LoginViewController.h; sourceTree = "<group>"; };
		70443B6C1C85DDB100B0C5DA /* LoginViewController.m */ = {isa = PBXFileReference; fileEncoding = 4; lastKnownFileType = sourcecode.c.objc; path = LoginViewController.m; sourceTree = "<group>"; };
		70443B6E1C85F09400B0C5DA /* logo.png */ = {isa = PBXFileReference; lastKnownFileType = image.png; path = logo.png; sourceTree = "<group>"; };
		7062B67D1C887B020074C716 /* LoginTextFieldGroupView.h */ = {isa = PBXFileReference; fileEncoding = 4; lastKnownFileType = sourcecode.c.h; path = LoginTextFieldGroupView.h; sourceTree = "<group>"; };
		7062B67E1C887B020074C716 /* LoginTextFieldGroupView.m */ = {isa = PBXFileReference; fileEncoding = 4; lastKnownFileType = sourcecode.c.objc; path = LoginTextFieldGroupView.m; sourceTree = "<group>"; };
		7062B6831C89FC260074C716 /* NSString+Validator.h */ = {isa = PBXFileReference; fileEncoding = 4; lastKnownFileType = sourcecode.c.h; path = "NSString+Validator.h"; sourceTree = "<group>"; };
		7062B6841C89FC260074C716 /* NSString+Validator.m */ = {isa = PBXFileReference; fileEncoding = 4; lastKnownFileType = sourcecode.c.objc; path = "NSString+Validator.m"; sourceTree = "<group>"; };
		7062B6881C8A21BF0074C716 /* AFHTTPSessionManager+TYServer.h */ = {isa = PBXFileReference; fileEncoding = 4; lastKnownFileType = sourcecode.c.h; path = "AFHTTPSessionManager+TYServer.h"; sourceTree = "<group>"; };
		7062B6891C8A21BF0074C716 /* AFHTTPSessionManager+TYServer.m */ = {isa = PBXFileReference; fileEncoding = 4; lastKnownFileType = sourcecode.c.objc; path = "AFHTTPSessionManager+TYServer.m"; sourceTree = "<group>"; };
		7062B68C1C8B0F480074C716 /* RequestViewModel.h */ = {isa = PBXFileReference; fileEncoding = 4; lastKnownFileType = sourcecode.c.h; path = RequestViewModel.h; sourceTree = "<group>"; };
		7062B68D1C8B0F480074C716 /* RequestViewModel.m */ = {isa = PBXFileReference; fileEncoding = 4; lastKnownFileType = sourcecode.c.objc; path = RequestViewModel.m; sourceTree = "<group>"; };
		7062B68F1C8B1EC90074C716 /* TYServerKeys.h */ = {isa = PBXFileReference; fileEncoding = 4; lastKnownFileType = sourcecode.c.h; path = TYServerKeys.h; sourceTree = "<group>"; };
		7062B6901C8B1F950074C716 /* TYServer.h */ = {isa = PBXFileReference; fileEncoding = 4; lastKnownFileType = sourcecode.c.h; path = TYServer.h; sourceTree = "<group>"; };
		7062B6911C8B427E0074C716 /* AppConfig.h */ = {isa = PBXFileReference; fileEncoding = 4; lastKnownFileType = sourcecode.c.h; path = AppConfig.h; sourceTree = "<group>"; };
		7062B6921C8B842C0074C716 /* UserModel.h */ = {isa = PBXFileReference; fileEncoding = 4; lastKnownFileType = sourcecode.c.h; path = UserModel.h; sourceTree = "<group>"; };
		7062B6931C8B842C0074C716 /* UserModel.m */ = {isa = PBXFileReference; fileEncoding = 4; lastKnownFileType = sourcecode.c.objc; path = UserModel.m; sourceTree = "<group>"; };
		7062B6981C8E14780074C716 /* AccountViewModel.h */ = {isa = PBXFileReference; fileEncoding = 4; lastKnownFileType = sourcecode.c.h; path = AccountViewModel.h; sourceTree = "<group>"; };
		7062B6991C8E14780074C716 /* AccountViewModel.m */ = {isa = PBXFileReference; fileEncoding = 4; lastKnownFileType = sourcecode.c.objc; path = AccountViewModel.m; sourceTree = "<group>"; };
		7062B6A41C8E3CCE0074C716 /* MasterViewModel.h */ = {isa = PBXFileReference; fileEncoding = 4; lastKnownFileType = sourcecode.c.h; path = MasterViewModel.h; sourceTree = "<group>"; };
		7062B6A51C8E3CCE0074C716 /* MasterViewModel.m */ = {isa = PBXFileReference; fileEncoding = 4; lastKnownFileType = sourcecode.c.objc; path = MasterViewModel.m; sourceTree = "<group>"; };
		7062B6AD1C8F1D620074C716 /* BindingAccountViewModel.h */ = {isa = PBXFileReference; fileEncoding = 4; lastKnownFileType = sourcecode.c.h; path = BindingAccountViewModel.h; sourceTree = "<group>"; };
		7062B6AE1C8F1D620074C716 /* BindingAccountViewModel.m */ = {isa = PBXFileReference; fileEncoding = 4; lastKnownFileType = sourcecode.c.objc; path = BindingAccountViewModel.m; sourceTree = "<group>"; };
		7062B6B01C8F5FFE0074C716 /* AFHTTPSessionManager+XujcServer.h */ = {isa = PBXFileReference; fileEncoding = 4; lastKnownFileType = sourcecode.c.h; path = "AFHTTPSessionManager+XujcServer.h"; sourceTree = "<group>"; };
		7062B6B11C8F5FFE0074C716 /* AFHTTPSessionManager+XujcServer.m */ = {isa = PBXFileReference; fileEncoding = 4; lastKnownFileType = sourcecode.c.objc; path = "AFHTTPSessionManager+XujcServer.m"; sourceTree = "<group>"; };
		7062B6B51C8F6E560074C716 /* XujcServerKeys.h */ = {isa = PBXFileReference; fileEncoding = 4; lastKnownFileType = sourcecode.c.h; path = XujcServerKeys.h; sourceTree = "<group>"; };
		7062B6B61C8F6E770074C716 /* XujcServer.h */ = {isa = PBXFileReference; fileEncoding = 4; lastKnownFileType = sourcecode.c.h; path = XujcServer.h; sourceTree = "<group>"; };
		7062B6B71C8F7A6B0074C716 /* FormButton.h */ = {isa = PBXFileReference; fileEncoding = 4; lastKnownFileType = sourcecode.c.h; path = FormButton.h; sourceTree = "<group>"; };
		7062B6B81C8F7A6B0074C716 /* FormButton.m */ = {isa = PBXFileReference; fileEncoding = 4; lastKnownFileType = sourcecode.c.objc; path = FormButton.m; sourceTree = "<group>"; };
		7062B6BD1C9241DB0074C716 /* LessonTimeCalculator.h */ = {isa = PBXFileReference; fileEncoding = 4; lastKnownFileType = sourcecode.c.h; path = LessonTimeCalculator.h; sourceTree = "<group>"; };
		7062B6BE1C9241DB0074C716 /* LessonTimeCalculator.m */ = {isa = PBXFileReference; fileEncoding = 4; lastKnownFileType = sourcecode.c.objc; path = LessonTimeCalculator.m; sourceTree = "<group>"; };
		7062B6C11C9331BD0074C716 /* ScoreTableViewCell.h */ = {isa = PBXFileReference; fileEncoding = 4; lastKnownFileType = sourcecode.c.h; path = ScoreTableViewCell.h; sourceTree = "<group>"; };
		7062B6C21C9331BD0074C716 /* ScoreTableViewCell.m */ = {isa = PBXFileReference; fileEncoding = 4; lastKnownFileType = sourcecode.c.objc; path = ScoreTableViewCell.m; sourceTree = "<group>"; };
		7062B6C31C9331BD0074C716 /* ScoreViewController.h */ = {isa = PBXFileReference; fileEncoding = 4; lastKnownFileType = sourcecode.c.h; path = ScoreViewController.h; sourceTree = "<group>"; };
		7062B6C41C9331BD0074C716 /* ScoreViewController.m */ = {isa = PBXFileReference; fileEncoding = 4; lastKnownFileType = sourcecode.c.objc; path = ScoreViewController.m; sourceTree = "<group>"; };
		7062B6C71C9331D10074C716 /* ScoreViewModel.h */ = {isa = PBXFileReference; fileEncoding = 4; lastKnownFileType = sourcecode.c.h; path = ScoreViewModel.h; sourceTree = "<group>"; };
		7062B6C81C9331D10074C716 /* ScoreViewModel.m */ = {isa = PBXFileReference; fileEncoding = 4; lastKnownFileType = sourcecode.c.objc; path = ScoreViewModel.m; sourceTree = "<group>"; };
		7062B6CA1C9333690074C716 /* ScoreTableViewCellViewModel.h */ = {isa = PBXFileReference; fileEncoding = 4; lastKnownFileType = sourcecode.c.h; path = ScoreTableViewCellViewModel.h; sourceTree = "<group>"; };
		7062B6CB1C9333690074C716 /* ScoreTableViewCellViewModel.m */ = {isa = PBXFileReference; fileEncoding = 4; lastKnownFileType = sourcecode.c.objc; path = ScoreTableViewCellViewModel.m; sourceTree = "<group>"; };
		7062B6D21C9369F50074C716 /* FMDatabaseQueue+Utils.h */ = {isa = PBXFileReference; fileEncoding = 4; lastKnownFileType = sourcecode.c.h; path = "FMDatabaseQueue+Utils.h"; sourceTree = "<group>"; };
		7062B6D31C9369F50074C716 /* FMDatabaseQueue+Utils.m */ = {isa = PBXFileReference; fileEncoding = 4; lastKnownFileType = sourcecode.c.objc; path = "FMDatabaseQueue+Utils.m"; sourceTree = "<group>"; };
		7062B6D51C9376990074C716 /* CacheUtils.h */ = {isa = PBXFileReference; fileEncoding = 4; lastKnownFileType = sourcecode.c.h; path = CacheUtils.h; sourceTree = "<group>"; };
		7062B6D61C93769A0074C716 /* CacheUtils.m */ = {isa = PBXFileReference; fileEncoding = 4; lastKnownFileType = sourcecode.c.objc; path = CacheUtils.m; sourceTree = "<group>"; };
		70730D681C947A41007CBEBB /* SemesterSelectorView.h */ = {isa = PBXFileReference; fileEncoding = 4; lastKnownFileType = sourcecode.c.h; path = SemesterSelectorView.h; sourceTree = "<group>"; };
		70730D691C947A41007CBEBB /* SemesterSelectorView.m */ = {isa = PBXFileReference; fileEncoding = 4; lastKnownFileType = sourcecode.c.objc; path = SemesterSelectorView.m; sourceTree = "<group>"; };
		70730D6A1C947A41007CBEBB /* SemesterSelectorViewModel.h */ = {isa = PBXFileReference; fileEncoding = 4; lastKnownFileType = sourcecode.c.h; path = SemesterSelectorViewModel.h; sourceTree = "<group>"; };
		70730D6B1C947A41007CBEBB /* SemesterSelectorViewModel.m */ = {isa = PBXFileReference; fileEncoding = 4; lastKnownFileType = sourcecode.c.objc; path = SemesterSelectorViewModel.m; sourceTree = "<group>"; };
		70730D6C1C947A41007CBEBB /* SemesterTableViewCell.h */ = {isa = PBXFileReference; fileEncoding = 4; lastKnownFileType = sourcecode.c.h; path = SemesterTableViewCell.h; sourceTree = "<group>"; };
		70730D6D1C947A41007CBEBB /* SemesterTableViewCell.m */ = {isa = PBXFileReference; fileEncoding = 4; lastKnownFileType = sourcecode.c.objc; path = SemesterTableViewCell.m; sourceTree = "<group>"; };
		70730D6E1C947A41007CBEBB /* SemesterTableViewCellViewModel.h */ = {isa = PBXFileReference; fileEncoding = 4; lastKnownFileType = sourcecode.c.h; path = SemesterTableViewCellViewModel.h; sourceTree = "<group>"; };
		70730D6F1C947A41007CBEBB /* SemesterTableViewCellViewModel.m */ = {isa = PBXFileReference; fileEncoding = 4; lastKnownFileType = sourcecode.c.objc; path = SemesterTableViewCellViewModel.m; sourceTree = "<group>"; };
		70730D741C94A039007CBEBB /* SemesterBaseViewController.h */ = {isa = PBXFileReference; fileEncoding = 4; lastKnownFileType = sourcecode.c.h; name = SemesterBaseViewController.h; path = XujcClient/SemesterBaseViewController.h; sourceTree = SOURCE_ROOT; };
		70730D751C94A039007CBEBB /* SemesterBaseViewController.m */ = {isa = PBXFileReference; fileEncoding = 4; lastKnownFileType = sourcecode.c.objc; name = SemesterBaseViewController.m; path = XujcClient/SemesterBaseViewController.m; sourceTree = SOURCE_ROOT; };
		70730D771C94A13A007CBEBB /* SemesterBaseViewModel.h */ = {isa = PBXFileReference; fileEncoding = 4; lastKnownFileType = sourcecode.c.h; path = SemesterBaseViewModel.h; sourceTree = "<group>"; };
		70730D781C94A13A007CBEBB /* SemesterBaseViewModel.m */ = {isa = PBXFileReference; fileEncoding = 4; lastKnownFileType = sourcecode.c.objc; path = SemesterBaseViewModel.m; sourceTree = "<group>"; };
		70730D7D1C999D67007CBEBB /* LoginViewModel.h */ = {isa = PBXFileReference; fileEncoding = 4; lastKnownFileType = sourcecode.c.h; path = LoginViewModel.h; sourceTree = "<group>"; };
		70730D7E1C999D67007CBEBB /* LoginViewModel.m */ = {isa = PBXFileReference; fileEncoding = 4; lastKnownFileType = sourcecode.c.objc; path = LoginViewModel.m; sourceTree = "<group>"; };
		70730D7F1C999D67007CBEBB /* SignupViewModel.h */ = {isa = PBXFileReference; fileEncoding = 4; lastKnownFileType = sourcecode.c.h; path = SignupViewModel.h; sourceTree = "<group>"; };
		70730D801C999D67007CBEBB /* SignupViewModel.m */ = {isa = PBXFileReference; fileEncoding = 4; lastKnownFileType = sourcecode.c.objc; path = SignupViewModel.m; sourceTree = "<group>"; };
		70730D841C999DBD007CBEBB /* ScheduleViewController.h */ = {isa = PBXFileReference; fileEncoding = 4; lastKnownFileType = sourcecode.c.h; path = ScheduleViewController.h; sourceTree = "<group>"; };
		70730D851C999DBD007CBEBB /* ScheduleViewController.m */ = {isa = PBXFileReference; fileEncoding = 4; lastKnownFileType = sourcecode.c.objc; path = ScheduleViewController.m; sourceTree = "<group>"; };
		70730D881C999DD5007CBEBB /* ScheduleViewModel.h */ = {isa = PBXFileReference; fileEncoding = 4; lastKnownFileType = sourcecode.c.h; path = ScheduleViewModel.h; sourceTree = "<group>"; };
		70730D891C999DD5007CBEBB /* ScheduleViewModel.m */ = {isa = PBXFileReference; fileEncoding = 4; lastKnownFileType = sourcecode.c.objc; path = ScheduleViewModel.m; sourceTree = "<group>"; };
		70730D8B1C999DF2007CBEBB /* CourseEventViewModel.h */ = {isa = PBXFileReference; fileEncoding = 4; lastKnownFileType = sourcecode.c.h; path = CourseEventViewModel.h; sourceTree = "<group>"; };
		70730D8C1C999DF2007CBEBB /* CourseEventViewModel.m */ = {isa = PBXFileReference; fileEncoding = 4; lastKnownFileType = sourcecode.c.objc; path = CourseEventViewModel.m; sourceTree = "<group>"; };
		70730D8E1C999E7F007CBEBB /* PersonalHeaderView.h */ = {isa = PBXFileReference; fileEncoding = 4; lastKnownFileType = sourcecode.c.h; path = PersonalHeaderView.h; sourceTree = "<group>"; };
		70730D8F1C999E7F007CBEBB /* PersonalHeaderView.m */ = {isa = PBXFileReference; fileEncoding = 4; lastKnownFileType = sourcecode.c.objc; path = PersonalHeaderView.m; sourceTree = "<group>"; };
		70730D931C99BDF8007CBEBB /* SemesterMasterViewModel.h */ = {isa = PBXFileReference; fileEncoding = 4; lastKnownFileType = sourcecode.c.h; path = SemesterMasterViewModel.h; sourceTree = "<group>"; };
		70730D941C99BDF8007CBEBB /* SemesterMasterViewModel.m */ = {isa = PBXFileReference; fileEncoding = 4; lastKnownFileType = sourcecode.c.objc; path = SemesterMasterViewModel.m; sourceTree = "<group>"; };
		70730D971C99F567007CBEBB /* MainTabBarController.h */ = {isa = PBXFileReference; fileEncoding = 4; lastKnownFileType = sourcecode.c.h; path = MainTabBarController.h; sourceTree = "<group>"; };
		70730D981C99F567007CBEBB /* MainTabBarController.m */ = {isa = PBXFileReference; fileEncoding = 4; lastKnownFileType = sourcecode.c.objc; path = MainTabBarController.m; sourceTree = "<group>"; };
		70730D9A1C99F580007CBEBB /* MainTabBarViewModel.h */ = {isa = PBXFileReference; fileEncoding = 4; lastKnownFileType = sourcecode.c.h; path = MainTabBarViewModel.h; sourceTree = "<group>"; };
		70730D9B1C99F580007CBEBB /* MainTabBarViewModel.m */ = {isa = PBXFileReference; fileEncoding = 4; lastKnownFileType = sourcecode.c.objc; path = MainTabBarViewModel.m; sourceTree = "<group>"; };
		70730DA01C99F842007CBEBB /* PersonalViewModel.h */ = {isa = PBXFileReference; fileEncoding = 4; lastKnownFileType = sourcecode.c.h; path = PersonalViewModel.h; sourceTree = "<group>"; };
		70730DA11C99F842007CBEBB /* PersonalViewModel.m */ = {isa = PBXFileReference; fileEncoding = 4; lastKnownFileType = sourcecode.c.objc; path = PersonalViewModel.m; sourceTree = "<group>"; };
		70730DA31C99F973007CBEBB /* PersonalHeaderViewModel.h */ = {isa = PBXFileReference; fileEncoding = 4; lastKnownFileType = sourcecode.c.h; path = PersonalHeaderViewModel.h; sourceTree = "<group>"; };
		70730DA41C99F973007CBEBB /* PersonalHeaderViewModel.m */ = {isa = PBXFileReference; fileEncoding = 4; lastKnownFileType = sourcecode.c.objc; path = PersonalHeaderViewModel.m; sourceTree = "<group>"; };
		70730DA61C9A3FFF007CBEBB /* AppUtils.h */ = {isa = PBXFileReference; fileEncoding = 4; lastKnownFileType = sourcecode.c.h; path = AppUtils.h; sourceTree = "<group>"; };
		70730DA71C9A3FFF007CBEBB /* AppUtils.m */ = {isa = PBXFileReference; fileEncoding = 4; lastKnownFileType = sourcecode.c.objc; path = AppUtils.m; sourceTree = "<group>"; };
		70730DAC1C9A6222007CBEBB /* NSData+Coding.h */ = {isa = PBXFileReference; fileEncoding = 4; lastKnownFileType = sourcecode.c.h; path = "NSData+Coding.h"; sourceTree = "<group>"; };
		70730DAD1C9A6222007CBEBB /* NSData+Coding.m */ = {isa = PBXFileReference; fileEncoding = 4; lastKnownFileType = sourcecode.c.objc; path = "NSData+Coding.m"; sourceTree = "<group>"; };
		708661331BE75B7400AD64C2 /* XujcSection.h */ = {isa = PBXFileReference; fileEncoding = 4; lastKnownFileType = sourcecode.c.h; path = XujcSection.h; sourceTree = "<group>"; };
		708661341BE75B7400AD64C2 /* XujcSection.m */ = {isa = PBXFileReference; fileEncoding = 4; lastKnownFileType = sourcecode.c.objc; path = XujcSection.m; sourceTree = "<group>"; };
		708661361BE775DB00AD64C2 /* CollectionViewScheduleLayout.h */ = {isa = PBXFileReference; fileEncoding = 4; lastKnownFileType = sourcecode.c.h; path = CollectionViewScheduleLayout.h; sourceTree = "<group>"; };
		708661371BE775DB00AD64C2 /* CollectionViewScheduleLayout.m */ = {isa = PBXFileReference; fileEncoding = 4; lastKnownFileType = sourcecode.c.objc; path = CollectionViewScheduleLayout.m; sourceTree = "<group>"; };
		70C2B0291C81294700923B85 /* arrow_down@2x.png */ = {isa = PBXFileReference; lastKnownFileType = image.png; path = "arrow_down@2x.png"; sourceTree = "<group>"; };
		70C2B02A1C81294700923B85 /* arrow_down@3x.png */ = {isa = PBXFileReference; lastKnownFileType = image.png; path = "arrow_down@3x.png"; sourceTree = "<group>"; };
		70C2B02B1C81294700923B85 /* arrow_right@2x.png */ = {isa = PBXFileReference; lastKnownFileType = image.png; path = "arrow_right@2x.png"; sourceTree = "<group>"; };
		70C2B02C1C81294700923B85 /* arrow_right@3x.png */ = {isa = PBXFileReference; lastKnownFileType = image.png; path = "arrow_right@3x.png"; sourceTree = "<group>"; };
		70C2B0311C81349400923B85 /* UIColor+Theme.h */ = {isa = PBXFileReference; fileEncoding = 4; lastKnownFileType = sourcecode.c.h; path = "UIColor+Theme.h"; sourceTree = "<group>"; };
		70C2B0321C81349400923B85 /* UIColor+Theme.m */ = {isa = PBXFileReference; fileEncoding = 4; lastKnownFileType = sourcecode.c.objc; path = "UIColor+Theme.m"; sourceTree = "<group>"; };
		70C2B0341C81E38800923B85 /* settings@2x.png */ = {isa = PBXFileReference; lastKnownFileType = image.png; path = "settings@2x.png"; sourceTree = "<group>"; };
		70C2B0351C81E38800923B85 /* settings@3x.png */ = {isa = PBXFileReference; lastKnownFileType = image.png; path = "settings@3x.png"; sourceTree = "<group>"; };
		70C2B0381C81ECAA00923B85 /* SettingsViewController.h */ = {isa = PBXFileReference; fileEncoding = 4; lastKnownFileType = sourcecode.c.h; path = SettingsViewController.h; sourceTree = "<group>"; };
		70C2B0391C81ECAA00923B85 /* SettingsViewController.m */ = {isa = PBXFileReference; fileEncoding = 4; lastKnownFileType = sourcecode.c.objc; path = SettingsViewController.m; sourceTree = "<group>"; };
		70F7CE161BE3AC25001D027C /* XujcClient.app */ = {isa = PBXFileReference; explicitFileType = wrapper.application; includeInIndex = 0; path = XujcClient.app; sourceTree = BUILT_PRODUCTS_DIR; };
		70F7CE1A1BE3AC25001D027C /* main.m */ = {isa = PBXFileReference; lastKnownFileType = sourcecode.c.objc; path = main.m; sourceTree = "<group>"; };
		70F7CE1C1BE3AC25001D027C /* AppDelegate.h */ = {isa = PBXFileReference; lastKnownFileType = sourcecode.c.h; path = AppDelegate.h; sourceTree = "<group>"; };
		70F7CE1D1BE3AC25001D027C /* AppDelegate.m */ = {isa = PBXFileReference; lastKnownFileType = sourcecode.c.objc; path = AppDelegate.m; sourceTree = "<group>"; };
		70F7CE251BE3AC25001D027C /* Assets.xcassets */ = {isa = PBXFileReference; lastKnownFileType = folder.assetcatalog; path = Assets.xcassets; sourceTree = "<group>"; };
		70F7CE281BE3AC25001D027C /* Base */ = {isa = PBXFileReference; lastKnownFileType = file.storyboard; name = Base; path = Base.lproj/LaunchScreen.storyboard; sourceTree = "<group>"; };
		70F7CE2A1BE3AC25001D027C /* Info.plist */ = {isa = PBXFileReference; lastKnownFileType = text.plist.xml; path = Info.plist; sourceTree = "<group>"; };
		70F7CE311BE3BDF0001D027C /* XujcAPI.h */ = {isa = PBXFileReference; fileEncoding = 4; lastKnownFileType = sourcecode.c.h; path = XujcAPI.h; sourceTree = "<group>"; };
		70F7CE321BE3BDF0001D027C /* XujcAPI.m */ = {isa = PBXFileReference; fileEncoding = 4; lastKnownFileType = sourcecode.c.objc; path = XujcAPI.m; sourceTree = "<group>"; };
		70F7CE351BE3D1B8001D027C /* TyLog_Objc.h */ = {isa = PBXFileReference; fileEncoding = 4; lastKnownFileType = sourcecode.c.h; path = TyLog_Objc.h; sourceTree = "<group>"; };
		70F7CE3B1BE3E806001D027C /* BaseModel.h */ = {isa = PBXFileReference; fileEncoding = 4; lastKnownFileType = sourcecode.c.h; path = BaseModel.h; sourceTree = "<group>"; };
		70F7CE3C1BE3E806001D027C /* BaseModel.m */ = {isa = PBXFileReference; fileEncoding = 4; lastKnownFileType = sourcecode.c.objc; path = BaseModel.m; sourceTree = "<group>"; };
		70F7CE411BE3E832001D027C /* XujcUser.h */ = {isa = PBXFileReference; fileEncoding = 4; lastKnownFileType = sourcecode.c.h; path = XujcUser.h; sourceTree = "<group>"; };
		70F7CE421BE3E832001D027C /* XujcUser.m */ = {isa = PBXFileReference; fileEncoding = 4; lastKnownFileType = sourcecode.c.objc; path = XujcUser.m; sourceTree = "<group>"; };
		70F7CE471BE3ECAE001D027C /* DynamicData.h */ = {isa = PBXFileReference; fileEncoding = 4; lastKnownFileType = sourcecode.c.h; path = DynamicData.h; sourceTree = "<group>"; };
		70F7CE481BE3ECAE001D027C /* DynamicData.m */ = {isa = PBXFileReference; fileEncoding = 4; lastKnownFileType = sourcecode.c.objc; path = DynamicData.m; sourceTree = "<group>"; };
		70F7CE5F1BE42391001D027C /* MSEvent.h */ = {isa = PBXFileReference; fileEncoding = 4; lastKnownFileType = sourcecode.c.h; path = MSEvent.h; sourceTree = "<group>"; };
		70F7CE601BE42391001D027C /* MSEvent.m */ = {isa = PBXFileReference; fileEncoding = 4; lastKnownFileType = sourcecode.c.objc; path = MSEvent.m; sourceTree = "<group>"; };
		70F7CE6B1BE4394D001D027C /* XujcClient-prefix.pch */ = {isa = PBXFileReference; lastKnownFileType = sourcecode.c.h; path = "XujcClient-prefix.pch"; sourceTree = "<group>"; };
		70F7CE6C1BE43A4E001D027C /* MSGridline.h */ = {isa = PBXFileReference; fileEncoding = 4; lastKnownFileType = sourcecode.c.h; path = MSGridline.h; sourceTree = "<group>"; };
		70F7CE6D1BE43A4E001D027C /* MSGridline.m */ = {isa = PBXFileReference; fileEncoding = 4; lastKnownFileType = sourcecode.c.objc; path = MSGridline.m; sourceTree = "<group>"; };
		70F7CE6F1BE43AA6001D027C /* MSCurrentTimeGridline.h */ = {isa = PBXFileReference; fileEncoding = 4; lastKnownFileType = sourcecode.c.h; path = MSCurrentTimeGridline.h; sourceTree = "<group>"; };
		70F7CE701BE43AA6001D027C /* MSCurrentTimeIndicator.m */ = {isa = PBXFileReference; fileEncoding = 4; lastKnownFileType = sourcecode.c.objc; path = MSCurrentTimeIndicator.m; sourceTree = "<group>"; };
		70F7CE721BE43AC3001D027C /* MSCurrentTimeGridline.m */ = {isa = PBXFileReference; fileEncoding = 4; lastKnownFileType = sourcecode.c.objc; path = MSCurrentTimeGridline.m; sourceTree = "<group>"; };
		70F7CE731BE43AC3001D027C /* MSCurrentTimeIndicator.h */ = {isa = PBXFileReference; fileEncoding = 4; lastKnownFileType = sourcecode.c.h; path = MSCurrentTimeIndicator.h; sourceTree = "<group>"; };
		70FE64AF1C7F8DEE00112038 /* NSString+Safe.h */ = {isa = PBXFileReference; fileEncoding = 4; lastKnownFileType = sourcecode.c.h; path = "NSString+Safe.h"; sourceTree = "<group>"; };
		70FE64B01C7F8DEE00112038 /* NSString+Safe.m */ = {isa = PBXFileReference; fileEncoding = 4; lastKnownFileType = sourcecode.c.objc; path = "NSString+Safe.m"; sourceTree = "<group>"; };
		70FE64B21C7F9EDC00112038 /* XujcScore.h */ = {isa = PBXFileReference; fileEncoding = 4; lastKnownFileType = sourcecode.c.h; path = XujcScore.h; sourceTree = "<group>"; };
		70FE64B31C7F9EDC00112038 /* XujcScore.m */ = {isa = PBXFileReference; fileEncoding = 4; lastKnownFileType = sourcecode.c.objc; path = XujcScore.m; sourceTree = "<group>"; };
		809B7A975EDBE96102E85C69 /* Pods.debug.xcconfig */ = {isa = PBXFileReference; includeInIndex = 1; lastKnownFileType = text.xcconfig; name = Pods.debug.xcconfig; path = "Pods/Target Support Files/Pods/Pods.debug.xcconfig"; sourceTree = "<group>"; };
		F11D480843B2B5B2BA56FFB6 /* Pods.release.xcconfig */ = {isa = PBXFileReference; includeInIndex = 1; lastKnownFileType = text.xcconfig; name = Pods.release.xcconfig; path = "Pods/Target Support Files/Pods/Pods.release.xcconfig"; sourceTree = "<group>"; };
		F22B4B799576540B0102BE0C /* libPods.a */ = {isa = PBXFileReference; explicitFileType = archive.ar; includeInIndex = 0; path = libPods.a; sourceTree = BUILT_PRODUCTS_DIR; };
/* End PBXFileReference section */

/* Begin PBXFrameworksBuildPhase section */
		70F7CE131BE3AC25001D027C /* Frameworks */ = {
			isa = PBXFrameworksBuildPhase;
			buildActionMask = 2147483647;
			files = (
				D6AA2EAC9399777C75CF39CE /* libPods.a in Frameworks */,
			);
			runOnlyForDeploymentPostprocessing = 0;
		};
/* End PBXFrameworksBuildPhase section */

/* Begin PBXGroup section */
		34B4EF0F9104D9147B0C3989 /* Pods */ = {
			isa = PBXGroup;
			children = (
				809B7A975EDBE96102E85C69 /* Pods.debug.xcconfig */,
				F11D480843B2B5B2BA56FFB6 /* Pods.release.xcconfig */,
			);
			name = Pods;
			sourceTree = "<group>";
		};
		5A4C8CA49D7012FCB8256C25 /* Frameworks */ = {
			isa = PBXGroup;
			children = (
				F22B4B799576540B0102BE0C /* libPods.a */,
			);
			name = Frameworks;
			sourceTree = "<group>";
		};
		7023F9BF1BE72E5E0046CF3B /* Category */ = {
			isa = PBXGroup;
			children = (
				7023F9C01BE72F280046CF3B /* NSDate+Week.h */,
				7023F9C11BE72F280046CF3B /* NSDate+Week.m */,
				702F99E71C7D1BF6003B35A7 /* UIView+BorderLine.h */,
				702F99E81C7D1BF6003B35A7 /* UIView+BorderLine.m */,
				70FE64AF1C7F8DEE00112038 /* NSString+Safe.h */,
				70FE64B01C7F8DEE00112038 /* NSString+Safe.m */,
				7062B6D21C9369F50074C716 /* FMDatabaseQueue+Utils.h */,
				7062B6D31C9369F50074C716 /* FMDatabaseQueue+Utils.m */,
				70730DAC1C9A6222007CBEBB /* NSData+Coding.h */,
				70730DAD1C9A6222007CBEBB /* NSData+Coding.m */,
			);
			path = Category;
			sourceTree = "<group>";
		};
		702F99BE1C7D08F9003B35A7 /* tabbar */ = {
			isa = PBXGroup;
			children = (
				702F99BF1C7D08F9003B35A7 /* tabbar-exam-selected@2x.png */,
				702F99C01C7D08F9003B35A7 /* tabbar-exam-selected@3x.png */,
				702F99C11C7D08F9003B35A7 /* tabbar-exam@2x.png */,
				702F99C21C7D08F9003B35A7 /* tabbar-exam@3x.png */,
				702F99C71C7D08F9003B35A7 /* tabbar-personal-selected@2x.png */,
				702F99C81C7D08F9003B35A7 /* tabbar-personal-selected@3x.png */,
				702F99C91C7D08F9003B35A7 /* tabbar-personal@2x.png */,
				702F99CA1C7D08F9003B35A7 /* tabbar-personal@3x.png */,
				702F99CB1C7D08F9003B35A7 /* tabbar-schedule-selected@2x.png */,
				702F99CC1C7D08F9003B35A7 /* tabbar-schedule-selected@3x.png */,
				702F99CD1C7D08F9003B35A7 /* tabbar-schedule@2x.png */,
				702F99CE1C7D08F9003B35A7 /* tabbar-schedule@3x.png */,
				702F99CF1C7D08F9003B35A7 /* tabbar-search-selected@2x.png */,
				702F99D01C7D08F9003B35A7 /* tabbar-search-selected@3x.png */,
				702F99D11C7D08F9003B35A7 /* tabbar-search@2x.png */,
				702F99D21C7D08F9003B35A7 /* tabbar-search@3x.png */,
			);
			path = tabbar;
			sourceTree = "<group>";
		};
		70443B661C85DD7D00B0C5DA /* Login */ = {
			isa = PBXGroup;
			children = (
				70730D7B1C999D0F007CBEBB /* ViewModel */,
				7062B6B71C8F7A6B0074C716 /* FormButton.h */,
				7062B6B81C8F7A6B0074C716 /* FormButton.m */,
				7062B67D1C887B020074C716 /* LoginTextFieldGroupView.h */,
				7062B67E1C887B020074C716 /* LoginTextFieldGroupView.m */,
				70443B6A1C85DDB100B0C5DA /* LoginLayoutConfigs.h */,
				70443B6B1C85DDB100B0C5DA /* LoginViewController.h */,
				70443B6C1C85DDB100B0C5DA /* LoginViewController.m */,
				70443B671C85DD7D00B0C5DA /* BindingAccountViewController.h */,
				70443B681C85DD7D00B0C5DA /* BindingAccountViewController.m */,
			);
			path = Login;
			sourceTree = "<group>";
		};
		7062B6861C8A21200074C716 /* Xujc */ = {
			isa = PBXGroup;
			children = (
				7062B6B61C8F6E770074C716 /* XujcServer.h */,
				7062B6B51C8F6E560074C716 /* XujcServerKeys.h */,
				7062B6B01C8F5FFE0074C716 /* AFHTTPSessionManager+XujcServer.h */,
				7062B6B11C8F5FFE0074C716 /* AFHTTPSessionManager+XujcServer.m */,
				7023F9B51BE679C40046CF3B /* XujcRequestKeys.h */,
				70F7CE311BE3BDF0001D027C /* XujcAPI.h */,
				70F7CE321BE3BDF0001D027C /* XujcAPI.m */,
			);
			name = Xujc;
			sourceTree = "<group>";
		};
		7062B6871C8A21320074C716 /* TYServer */ = {
			isa = PBXGroup;
			children = (
				7062B6901C8B1F950074C716 /* TYServer.h */,
				7062B68F1C8B1EC90074C716 /* TYServerKeys.h */,
				7062B6881C8A21BF0074C716 /* AFHTTPSessionManager+TYServer.h */,
				7062B6891C8A21BF0074C716 /* AFHTTPSessionManager+TYServer.m */,
			);
			name = TYServer;
			sourceTree = "<group>";
		};
		7062B68B1C8B0F350074C716 /* ViewModel */ = {
			isa = PBXGroup;
			children = (
				7062B6A41C8E3CCE0074C716 /* MasterViewModel.h */,
				7062B6A51C8E3CCE0074C716 /* MasterViewModel.m */,
				7062B68C1C8B0F480074C716 /* RequestViewModel.h */,
				7062B68D1C8B0F480074C716 /* RequestViewModel.m */,
			);
			path = ViewModel;
			sourceTree = "<group>";
		};
		7062B6C01C9331BD0074C716 /* Score */ = {
			isa = PBXGroup;
			children = (
				70730D7A1C999CF9007CBEBB /* ViewModel */,
				7062B6C31C9331BD0074C716 /* ScoreViewController.h */,
				7062B6C41C9331BD0074C716 /* ScoreViewController.m */,
				7062B6C11C9331BD0074C716 /* ScoreTableViewCell.h */,
				7062B6C21C9331BD0074C716 /* ScoreTableViewCell.m */,
			);
			path = Score;
			sourceTree = "<group>";
		};
		70730D671C947A41007CBEBB /* Semester */ = {
			isa = PBXGroup;
			children = (
				70730D7C1C999D36007CBEBB /* ViewModel */,
				70730D681C947A41007CBEBB /* SemesterSelectorView.h */,
				70730D691C947A41007CBEBB /* SemesterSelectorView.m */,
				70730D6C1C947A41007CBEBB /* SemesterTableViewCell.h */,
				70730D6D1C947A41007CBEBB /* SemesterTableViewCell.m */,
				70730D741C94A039007CBEBB /* SemesterBaseViewController.h */,
				70730D751C94A039007CBEBB /* SemesterBaseViewController.m */,
			);
			path = Semester;
			sourceTree = "<group>";
		};
		70730D7A1C999CF9007CBEBB /* ViewModel */ = {
			isa = PBXGroup;
			children = (
				7062B6C71C9331D10074C716 /* ScoreViewModel.h */,
				7062B6C81C9331D10074C716 /* ScoreViewModel.m */,
				7062B6CA1C9333690074C716 /* ScoreTableViewCellViewModel.h */,
				7062B6CB1C9333690074C716 /* ScoreTableViewCellViewModel.m */,
			);
			name = ViewModel;
			sourceTree = "<group>";
		};
		70730D7B1C999D0F007CBEBB /* ViewModel */ = {
			isa = PBXGroup;
			children = (
				7062B6981C8E14780074C716 /* AccountViewModel.h */,
				7062B6991C8E14780074C716 /* AccountViewModel.m */,
				7062B6AD1C8F1D620074C716 /* BindingAccountViewModel.h */,
				7062B6AE1C8F1D620074C716 /* BindingAccountViewModel.m */,
				70730D7D1C999D67007CBEBB /* LoginViewModel.h */,
				70730D7E1C999D67007CBEBB /* LoginViewModel.m */,
				70730D7F1C999D67007CBEBB /* SignupViewModel.h */,
				70730D801C999D67007CBEBB /* SignupViewModel.m */,
			);
			name = ViewModel;
			sourceTree = "<group>";
		};
		70730D7C1C999D36007CBEBB /* ViewModel */ = {
			isa = PBXGroup;
			children = (
				70730D931C99BDF8007CBEBB /* SemesterMasterViewModel.h */,
				70730D941C99BDF8007CBEBB /* SemesterMasterViewModel.m */,
				70730D771C94A13A007CBEBB /* SemesterBaseViewModel.h */,
				70730D781C94A13A007CBEBB /* SemesterBaseViewModel.m */,
				70730D6E1C947A41007CBEBB /* SemesterTableViewCellViewModel.h */,
				70730D6F1C947A41007CBEBB /* SemesterTableViewCellViewModel.m */,
				70730D6A1C947A41007CBEBB /* SemesterSelectorViewModel.h */,
				70730D6B1C947A41007CBEBB /* SemesterSelectorViewModel.m */,
			);
			name = ViewModel;
			sourceTree = "<group>";
		};
		70730D831C999DA9007CBEBB /* Schedule */ = {
			isa = PBXGroup;
			children = (
				70730D871C999DCB007CBEBB /* ViewModel */,
				70730D841C999DBD007CBEBB /* ScheduleViewController.h */,
				70730D851C999DBD007CBEBB /* ScheduleViewController.m */,
			);
			path = Schedule;
			sourceTree = "<group>";
		};
		70730D871C999DCB007CBEBB /* ViewModel */ = {
			isa = PBXGroup;
			children = (
				70730D8B1C999DF2007CBEBB /* CourseEventViewModel.h */,
				70730D8C1C999DF2007CBEBB /* CourseEventViewModel.m */,
				70730D881C999DD5007CBEBB /* ScheduleViewModel.h */,
				70730D891C999DD5007CBEBB /* ScheduleViewModel.m */,
			);
			name = ViewModel;
			sourceTree = "<group>";
		};
		70730D961C99F567007CBEBB /* MainTabBar */ = {
			isa = PBXGroup;
			children = (
				70730D971C99F567007CBEBB /* MainTabBarController.h */,
				70730D981C99F567007CBEBB /* MainTabBarController.m */,
				70730D9A1C99F580007CBEBB /* MainTabBarViewModel.h */,
				70730D9B1C99F580007CBEBB /* MainTabBarViewModel.m */,
			);
			path = MainTabBar;
			sourceTree = "<group>";
		};
		70F7CE0D1BE3AC25001D027C = {
			isa = PBXGroup;
			children = (
				70F7CE181BE3AC25001D027C /* XujcClient */,
				70F7CE171BE3AC25001D027C /* Products */,
				34B4EF0F9104D9147B0C3989 /* Pods */,
				5A4C8CA49D7012FCB8256C25 /* Frameworks */,
			);
			sourceTree = "<group>";
		};
		70F7CE171BE3AC25001D027C /* Products */ = {
			isa = PBXGroup;
			children = (
				70F7CE161BE3AC25001D027C /* XujcClient.app */,
			);
			name = Products;
			sourceTree = "<group>";
		};
		70F7CE181BE3AC25001D027C /* XujcClient */ = {
			isa = PBXGroup;
			children = (
				7023F9BF1BE72E5E0046CF3B /* Category */,
				70F7CE621BE426FF001D027C /* Collection View Reusable Views */,
				70F7CE5B1BE422B2001D027C /* Collection View Cells */,
				70F7CE3A1BE3E7E7001D027C /* Model */,
				7062B68B1C8B0F350074C716 /* ViewModel */,
				70F7CE341BE3D1B8001D027C /* Comment */,
				70F7CE301BE3BD4A001D027C /* API */,
				70443B661C85DD7D00B0C5DA /* Login */,
				7062B6C01C9331BD0074C716 /* Score */,
				70730D671C947A41007CBEBB /* Semester */,
				70730D831C999DA9007CBEBB /* Schedule */,
				70730D961C99F567007CBEBB /* MainTabBar */,
				70F7CE1C1BE3AC25001D027C /* AppDelegate.h */,
				70F7CE1D1BE3AC25001D027C /* AppDelegate.m */,
				70730DA31C99F973007CBEBB /* PersonalHeaderViewModel.h */,
				70730DA41C99F973007CBEBB /* PersonalHeaderViewModel.m */,
				70730D8E1C999E7F007CBEBB /* PersonalHeaderView.h */,
				70730D8F1C999E7F007CBEBB /* PersonalHeaderView.m */,
				70730DA01C99F842007CBEBB /* PersonalViewModel.h */,
				70730DA11C99F842007CBEBB /* PersonalViewModel.m */,
				702F99BB1C7CFC15003B35A7 /* PersonalViewController.h */,
				702F99BC1C7CFC15003B35A7 /* PersonalViewController.m */,
				708661361BE775DB00AD64C2 /* CollectionViewScheduleLayout.h */,
				708661371BE775DB00AD64C2 /* CollectionViewScheduleLayout.m */,
				70C2B0381C81ECAA00923B85 /* SettingsViewController.h */,
				70C2B0391C81ECAA00923B85 /* SettingsViewController.m */,
				70F7CE251BE3AC25001D027C /* Assets.xcassets */,
				70F7CE271BE3AC25001D027C /* LaunchScreen.storyboard */,
				70F7CE2A1BE3AC25001D027C /* Info.plist */,
				70F7CE521BE41182001D027C /* Resource */,
				70F7CE191BE3AC25001D027C /* Supporting Files */,
			);
			path = XujcClient;
			sourceTree = "<group>";
		};
		70F7CE191BE3AC25001D027C /* Supporting Files */ = {
			isa = PBXGroup;
			children = (
				70F7CE6B1BE4394D001D027C /* XujcClient-prefix.pch */,
				70F7CE1A1BE3AC25001D027C /* main.m */,
				702F99EA1C7D246A003B35A7 /* Localizable.strings */,
			);
			name = "Supporting Files";
			sourceTree = "<group>";
		};
		70F7CE301BE3BD4A001D027C /* API */ = {
			isa = PBXGroup;
			children = (
				7062B6871C8A21320074C716 /* TYServer */,
				7062B6861C8A21200074C716 /* Xujc */,
			);
			path = API;
			sourceTree = "<group>";
		};
		70F7CE341BE3D1B8001D027C /* Comment */ = {
			isa = PBXGroup;
			children = (
				7062B6D51C9376990074C716 /* CacheUtils.h */,
				7062B6D61C93769A0074C716 /* CacheUtils.m */,
				7062B6BD1C9241DB0074C716 /* LessonTimeCalculator.h */,
				7062B6BE1C9241DB0074C716 /* LessonTimeCalculator.m */,
				70F7CE471BE3ECAE001D027C /* DynamicData.h */,
				70F7CE481BE3ECAE001D027C /* DynamicData.m */,
				70F7CE351BE3D1B8001D027C /* TyLog_Objc.h */,
				70C2B0311C81349400923B85 /* UIColor+Theme.h */,
				70C2B0321C81349400923B85 /* UIColor+Theme.m */,
				7062B6831C89FC260074C716 /* NSString+Validator.h */,
				7062B6841C89FC260074C716 /* NSString+Validator.m */,
				7062B6911C8B427E0074C716 /* AppConfig.h */,
				70730DA61C9A3FFF007CBEBB /* AppUtils.h */,
				70730DA71C9A3FFF007CBEBB /* AppUtils.m */,
			);
			path = Comment;
			sourceTree = "<group>";
		};
		70F7CE3A1BE3E7E7001D027C /* Model */ = {
			isa = PBXGroup;
			children = (
				70F7CE5F1BE42391001D027C /* MSEvent.h */,
				70F7CE601BE42391001D027C /* MSEvent.m */,
				70F7CE3B1BE3E806001D027C /* BaseModel.h */,
				70F7CE3C1BE3E806001D027C /* BaseModel.m */,
				70F7CE411BE3E832001D027C /* XujcUser.h */,
				70F7CE421BE3E832001D027C /* XujcUser.m */,
				70FE64B21C7F9EDC00112038 /* XujcScore.h */,
				70FE64B31C7F9EDC00112038 /* XujcScore.m */,
				7023F9AC1BE6550A0046CF3B /* XujcSemesterModel.h */,
				7023F9AD1BE6550A0046CF3B /* XujcSemesterModel.m */,
				7023F9B21BE678E60046CF3B /* XujcCourse.h */,
				7023F9B31BE678E60046CF3B /* XujcCourse.m */,
				7023F9B91BE681300046CF3B /* XujcCourseEvent.h */,
				7023F9BA1BE681300046CF3B /* XujcCourseEvent.m */,
				708661331BE75B7400AD64C2 /* XujcSection.h */,
				708661341BE75B7400AD64C2 /* XujcSection.m */,
				7062B6921C8B842C0074C716 /* UserModel.h */,
				7062B6931C8B842C0074C716 /* UserModel.m */,
			);
			path = Model;
			sourceTree = "<group>";
		};
		70F7CE521BE41182001D027C /* Resource */ = {
			isa = PBXGroup;
			children = (
				70443B6E1C85F09400B0C5DA /* logo.png */,
				70C2B0341C81E38800923B85 /* settings@2x.png */,
				70C2B0351C81E38800923B85 /* settings@3x.png */,
				70C2B0291C81294700923B85 /* arrow_down@2x.png */,
				70C2B02A1C81294700923B85 /* arrow_down@3x.png */,
				70C2B02B1C81294700923B85 /* arrow_right@2x.png */,
				70C2B02C1C81294700923B85 /* arrow_right@3x.png */,
				702F99BE1C7D08F9003B35A7 /* tabbar */,
			);
			path = Resource;
			sourceTree = "<group>";
		};
		70F7CE5B1BE422B2001D027C /* Collection View Cells */ = {
			isa = PBXGroup;
			children = (
				7023F9BC1BE70BB10046CF3B /* CourseEventCell.h */,
				7023F9BD1BE70BB10046CF3B /* CourseEventCell.m */,
			);
			path = "Collection View Cells";
			sourceTree = "<group>";
		};
		70F7CE621BE426FF001D027C /* Collection View Reusable Views */ = {
			isa = PBXGroup;
			children = (
				7023F9A31BE52FA10046CF3B /* MSTimeRowHeaderBackground.h */,
				7023F9A41BE52FA10046CF3B /* MSTimeRowHeaderBackground.m */,
				7023F9A01BE52F6B0046CF3B /* MSDayColumnHeaderBackground.h */,
				7023F9A11BE52F6B0046CF3B /* MSDayColumnHeaderBackground.m */,
				70F7CE6F1BE43AA6001D027C /* MSCurrentTimeGridline.h */,
				70F7CE721BE43AC3001D027C /* MSCurrentTimeGridline.m */,
				70F7CE731BE43AC3001D027C /* MSCurrentTimeIndicator.h */,
				70F7CE701BE43AA6001D027C /* MSCurrentTimeIndicator.m */,
				70F7CE6C1BE43A4E001D027C /* MSGridline.h */,
				70F7CE6D1BE43A4E001D027C /* MSGridline.m */,
				7023F9A91BE60F680046CF3B /* ScheduleRowHeader.h */,
				7023F9AA1BE60F680046CF3B /* ScheduleRowHeader.m */,
				7023F9A61BE551030046CF3B /* ScheduleColumnHeader.h */,
				7023F9A71BE551030046CF3B /* ScheduleColumnHeader.m */,
			);
			path = "Collection View Reusable Views";
			sourceTree = "<group>";
		};
/* End PBXGroup section */

/* Begin PBXNativeTarget section */
		70F7CE151BE3AC25001D027C /* XujcClient */ = {
			isa = PBXNativeTarget;
			buildConfigurationList = 70F7CE2D1BE3AC25001D027C /* Build configuration list for PBXNativeTarget "XujcClient" */;
			buildPhases = (
				4044B8D20CE8952DF291306E /* Check Pods Manifest.lock */,
				70F7CE121BE3AC25001D027C /* Sources */,
				70F7CE131BE3AC25001D027C /* Frameworks */,
				70F7CE141BE3AC25001D027C /* Resources */,
				AD59B45E58504EB86000E3BC /* Copy Pods Resources */,
				C9F090DD24B53E8F8F48E747 /* Embed Pods Frameworks */,
			);
			buildRules = (
			);
			dependencies = (
			);
			name = XujcClient;
			productName = XujcClient;
			productReference = 70F7CE161BE3AC25001D027C /* XujcClient.app */;
			productType = "com.apple.product-type.application";
		};
/* End PBXNativeTarget section */

/* Begin PBXProject section */
		70F7CE0E1BE3AC25001D027C /* Project object */ = {
			isa = PBXProject;
			attributes = {
				LastUpgradeCheck = 0700;
				ORGANIZATIONNAME = luckytianyiyan;
				TargetAttributes = {
					70F7CE151BE3AC25001D027C = {
						CreatedOnToolsVersion = 7.0.1;
						DevelopmentTeam = 9KYD7S7AZY;
					};
				};
			};
			buildConfigurationList = 70F7CE111BE3AC25001D027C /* Build configuration list for PBXProject "XujcClient" */;
			compatibilityVersion = "Xcode 3.2";
			developmentRegion = English;
			hasScannedForEncodings = 0;
			knownRegions = (
				en,
				Base,
			);
			mainGroup = 70F7CE0D1BE3AC25001D027C;
			productRefGroup = 70F7CE171BE3AC25001D027C /* Products */;
			projectDirPath = "";
			projectRoot = "";
			targets = (
				70F7CE151BE3AC25001D027C /* XujcClient */,
			);
		};
/* End PBXProject section */

/* Begin PBXResourcesBuildPhase section */
		70F7CE141BE3AC25001D027C /* Resources */ = {
			isa = PBXResourcesBuildPhase;
			buildActionMask = 2147483647;
			files = (
				70443B6F1C85F09400B0C5DA /* logo.png in Resources */,
				70C2B0301C81294700923B85 /* arrow_right@3x.png in Resources */,
				702F99D61C7D08F9003B35A7 /* tabbar-exam@3x.png in Resources */,
				70C2B02D1C81294700923B85 /* arrow_down@2x.png in Resources */,
				70C2B0371C81E38800923B85 /* settings@3x.png in Resources */,
				70F7CE291BE3AC25001D027C /* LaunchScreen.storyboard in Resources */,
				702F99EB1C7D246A003B35A7 /* Localizable.strings in Resources */,
				70C2B02F1C81294700923B85 /* arrow_right@2x.png in Resources */,
				702F99DE1C7D08F9003B35A7 /* tabbar-personal@3x.png in Resources */,
				702F99DC1C7D08F9003B35A7 /* tabbar-personal-selected@3x.png in Resources */,
				702F99E51C7D08F9003B35A7 /* tabbar-search@2x.png in Resources */,
				70C2B02E1C81294700923B85 /* arrow_down@3x.png in Resources */,
				702F99D41C7D08F9003B35A7 /* tabbar-exam-selected@3x.png in Resources */,
				702F99E11C7D08F9003B35A7 /* tabbar-schedule@2x.png in Resources */,
				70F7CE261BE3AC25001D027C /* Assets.xcassets in Resources */,
				70C2B0361C81E38800923B85 /* settings@2x.png in Resources */,
				702F99DF1C7D08F9003B35A7 /* tabbar-schedule-selected@2x.png in Resources */,
				702F99D51C7D08F9003B35A7 /* tabbar-exam@2x.png in Resources */,
				702F99DD1C7D08F9003B35A7 /* tabbar-personal@2x.png in Resources */,
				702F99E41C7D08F9003B35A7 /* tabbar-search-selected@3x.png in Resources */,
				702F99E01C7D08F9003B35A7 /* tabbar-schedule-selected@3x.png in Resources */,
				702F99D31C7D08F9003B35A7 /* tabbar-exam-selected@2x.png in Resources */,
				702F99E21C7D08F9003B35A7 /* tabbar-schedule@3x.png in Resources */,
				702F99E61C7D08F9003B35A7 /* tabbar-search@3x.png in Resources */,
				702F99DB1C7D08F9003B35A7 /* tabbar-personal-selected@2x.png in Resources */,
				702F99E31C7D08F9003B35A7 /* tabbar-search-selected@2x.png in Resources */,
			);
			runOnlyForDeploymentPostprocessing = 0;
		};
/* End PBXResourcesBuildPhase section */

/* Begin PBXShellScriptBuildPhase section */
		4044B8D20CE8952DF291306E /* Check Pods Manifest.lock */ = {
			isa = PBXShellScriptBuildPhase;
			buildActionMask = 2147483647;
			files = (
			);
			inputPaths = (
			);
			name = "Check Pods Manifest.lock";
			outputPaths = (
			);
			runOnlyForDeploymentPostprocessing = 0;
			shellPath = /bin/sh;
			shellScript = "diff \"${PODS_ROOT}/../Podfile.lock\" \"${PODS_ROOT}/Manifest.lock\" > /dev/null\nif [[ $? != 0 ]] ; then\n    cat << EOM\nerror: The sandbox is not in sync with the Podfile.lock. Run 'pod install' or update your CocoaPods installation.\nEOM\n    exit 1\nfi\n";
			showEnvVarsInLog = 0;
		};
		AD59B45E58504EB86000E3BC /* Copy Pods Resources */ = {
			isa = PBXShellScriptBuildPhase;
			buildActionMask = 2147483647;
			files = (
			);
			inputPaths = (
			);
			name = "Copy Pods Resources";
			outputPaths = (
			);
			runOnlyForDeploymentPostprocessing = 0;
			shellPath = /bin/sh;
			shellScript = "\"${SRCROOT}/Pods/Target Support Files/Pods/Pods-resources.sh\"\n";
			showEnvVarsInLog = 0;
		};
		C9F090DD24B53E8F8F48E747 /* Embed Pods Frameworks */ = {
			isa = PBXShellScriptBuildPhase;
			buildActionMask = 2147483647;
			files = (
			);
			inputPaths = (
			);
			name = "Embed Pods Frameworks";
			outputPaths = (
			);
			runOnlyForDeploymentPostprocessing = 0;
			shellPath = /bin/sh;
			shellScript = "\"${SRCROOT}/Pods/Target Support Files/Pods/Pods-frameworks.sh\"\n";
			showEnvVarsInLog = 0;
		};
/* End PBXShellScriptBuildPhase section */

/* Begin PBXSourcesBuildPhase section */
		70F7CE121BE3AC25001D027C /* Sources */ = {
			isa = PBXSourcesBuildPhase;
			buildActionMask = 2147483647;
			files = (
				70443B691C85DD7D00B0C5DA /* BindingAccountViewController.m in Sources */,
				70F7CE431BE3E832001D027C /* XujcUser.m in Sources */,
				70730DAE1C9A6222007CBEBB /* NSData+Coding.m in Sources */,
				7062B6C91C9331D10074C716 /* ScoreViewModel.m in Sources */,
				7062B6CC1C9333690074C716 /* ScoreTableViewCellViewModel.m in Sources */,
				70730D761C94A039007CBEBB /* SemesterBaseViewController.m in Sources */,
				7023F9BE1BE70BB10046CF3B /* CourseEventCell.m in Sources */,
				70F7CE611BE42391001D027C /* MSEvent.m in Sources */,
				70730D811C999D67007CBEBB /* LoginViewModel.m in Sources */,
				70730D901C999E7F007CBEBB /* PersonalHeaderView.m in Sources */,
				7062B6D41C9369F50074C716 /* FMDatabaseQueue+Utils.m in Sources */,
				70C2B03A1C81ECAA00923B85 /* SettingsViewController.m in Sources */,
				70730D991C99F567007CBEBB /* MainTabBarController.m in Sources */,
				70730DA51C99F973007CBEBB /* PersonalHeaderViewModel.m in Sources */,
				708661381BE775DB00AD64C2 /* CollectionViewScheduleLayout.m in Sources */,
				70730D8D1C999DF2007CBEBB /* CourseEventViewModel.m in Sources */,
				7023F9A51BE52FA10046CF3B /* MSTimeRowHeaderBackground.m in Sources */,
				70730D711C947A41007CBEBB /* SemesterSelectorViewModel.m in Sources */,
				7062B6B21C8F5FFE0074C716 /* AFHTTPSessionManager+XujcServer.m in Sources */,
				7062B6941C8B842C0074C716 /* UserModel.m in Sources */,
				70F7CE741BE43AC3001D027C /* MSCurrentTimeGridline.m in Sources */,
				7023F9BB1BE681300046CF3B /* XujcCourseEvent.m in Sources */,
				7023F9AB1BE60F680046CF3B /* ScheduleRowHeader.m in Sources */,
				70730D821C999D67007CBEBB /* SignupViewModel.m in Sources */,
				70730DA81C9A3FFF007CBEBB /* AppUtils.m in Sources */,
				70F7CE331BE3BDF0001D027C /* XujcAPI.m in Sources */,
				70730D8A1C999DD5007CBEBB /* ScheduleViewModel.m in Sources */,
				70730D791C94A13A007CBEBB /* SemesterBaseViewModel.m in Sources */,
				70F7CE6E1BE43A4F001D027C /* MSGridline.m in Sources */,
				70FE64B11C7F8DEE00112038 /* NSString+Safe.m in Sources */,
				702F99BD1C7CFC15003B35A7 /* PersonalViewController.m in Sources */,
				7062B68A1C8A21BF0074C716 /* AFHTTPSessionManager+TYServer.m in Sources */,
				70730D731C947A41007CBEBB /* SemesterTableViewCellViewModel.m in Sources */,
				70F7CE491BE3ECAE001D027C /* DynamicData.m in Sources */,
				7023F9B41BE678E60046CF3B /* XujcCourse.m in Sources */,
				7062B69A1C8E14780074C716 /* AccountViewModel.m in Sources */,
				70F7CE1E1BE3AC25001D027C /* AppDelegate.m in Sources */,
				7023F9A81BE551030046CF3B /* ScheduleColumnHeader.m in Sources */,
				70443B6D1C85DDB100B0C5DA /* LoginViewController.m in Sources */,
				708661351BE75B7400AD64C2 /* XujcSection.m in Sources */,
				70730D861C999DBD007CBEBB /* ScheduleViewController.m in Sources */,
				7062B6C61C9331BD0074C716 /* ScoreViewController.m in Sources */,
				702F99E91C7D1BF6003B35A7 /* UIView+BorderLine.m in Sources */,
				70FE64B41C7F9EDC00112038 /* XujcScore.m in Sources */,
				70C2B0331C81349400923B85 /* UIColor+Theme.m in Sources */,
				7062B6BF1C9241DB0074C716 /* LessonTimeCalculator.m in Sources */,
				7023F9A21BE52F6B0046CF3B /* MSDayColumnHeaderBackground.m in Sources */,
				70730D951C99BDF8007CBEBB /* SemesterMasterViewModel.m in Sources */,
				7062B6A61C8E3CCE0074C716 /* MasterViewModel.m in Sources */,
				7062B6B91C8F7A6B0074C716 /* FormButton.m in Sources */,
				70730D701C947A41007CBEBB /* SemesterSelectorView.m in Sources */,
				70F7CE3D1BE3E806001D027C /* BaseModel.m in Sources */,
				7023F9AE1BE6550A0046CF3B /* XujcSemesterModel.m in Sources */,
				70F7CE1B1BE3AC25001D027C /* main.m in Sources */,
				7062B67F1C887B020074C716 /* LoginTextFieldGroupView.m in Sources */,
				7062B6D71C93769A0074C716 /* CacheUtils.m in Sources */,
				7062B6851C89FC260074C716 /* NSString+Validator.m in Sources */,
				70730DA21C99F842007CBEBB /* PersonalViewModel.m in Sources */,
				70730D721C947A41007CBEBB /* SemesterTableViewCell.m in Sources */,
				7023F9C21BE72F280046CF3B /* NSDate+Week.m in Sources */,
				7062B6AF1C8F1D620074C716 /* BindingAccountViewModel.m in Sources */,
				70F7CE711BE43AA6001D027C /* MSCurrentTimeIndicator.m in Sources */,
				7062B68E1C8B0F480074C716 /* RequestViewModel.m in Sources */,
				70730D9C1C99F580007CBEBB /* MainTabBarViewModel.m in Sources */,
				7062B6C51C9331BD0074C716 /* ScoreTableViewCell.m in Sources */,
			);
			runOnlyForDeploymentPostprocessing = 0;
		};
/* End PBXSourcesBuildPhase section */

/* Begin PBXVariantGroup section */
		70F7CE271BE3AC25001D027C /* LaunchScreen.storyboard */ = {
			isa = PBXVariantGroup;
			children = (
				70F7CE281BE3AC25001D027C /* Base */,
			);
			name = LaunchScreen.storyboard;
			sourceTree = "<group>";
		};
/* End PBXVariantGroup section */

/* Begin XCBuildConfiguration section */
		70F7CE2B1BE3AC25001D027C /* Debug */ = {
			isa = XCBuildConfiguration;
			buildSettings = {
				ALWAYS_SEARCH_USER_PATHS = NO;
				CLANG_CXX_LANGUAGE_STANDARD = "gnu++0x";
				CLANG_CXX_LIBRARY = "libc++";
				CLANG_ENABLE_MODULES = YES;
				CLANG_ENABLE_OBJC_ARC = YES;
				CLANG_WARN_BOOL_CONVERSION = YES;
				CLANG_WARN_CONSTANT_CONVERSION = YES;
				CLANG_WARN_DIRECT_OBJC_ISA_USAGE = YES_ERROR;
				CLANG_WARN_EMPTY_BODY = YES;
				CLANG_WARN_ENUM_CONVERSION = YES;
				CLANG_WARN_INT_CONVERSION = YES;
				CLANG_WARN_OBJC_ROOT_CLASS = YES_ERROR;
				CLANG_WARN_UNREACHABLE_CODE = YES;
				CLANG_WARN__DUPLICATE_METHOD_MATCH = YES;
				"CODE_SIGN_IDENTITY[sdk=iphoneos*]" = "iPhone Developer";
				COPY_PHASE_STRIP = NO;
				DEBUG_INFORMATION_FORMAT = dwarf;
				ENABLE_STRICT_OBJC_MSGSEND = YES;
				ENABLE_TESTABILITY = YES;
				GCC_C_LANGUAGE_STANDARD = gnu99;
				GCC_DYNAMIC_NO_PIC = NO;
				GCC_NO_COMMON_BLOCKS = YES;
				GCC_OPTIMIZATION_LEVEL = 0;
				GCC_PREPROCESSOR_DEFINITIONS = (
					"DEBUG=1",
					"$(inherited)",
				);
				GCC_WARN_64_TO_32_BIT_CONVERSION = YES;
				GCC_WARN_ABOUT_RETURN_TYPE = YES_ERROR;
				GCC_WARN_UNDECLARED_SELECTOR = YES;
				GCC_WARN_UNINITIALIZED_AUTOS = YES_AGGRESSIVE;
				GCC_WARN_UNUSED_FUNCTION = YES;
				GCC_WARN_UNUSED_VARIABLE = YES;
				IPHONEOS_DEPLOYMENT_TARGET = 9.0;
				MTL_ENABLE_DEBUG_INFO = YES;
				ONLY_ACTIVE_ARCH = YES;
				SDKROOT = iphoneos;
			};
			name = Debug;
		};
		70F7CE2C1BE3AC25001D027C /* Release */ = {
			isa = XCBuildConfiguration;
			buildSettings = {
				ALWAYS_SEARCH_USER_PATHS = NO;
				CLANG_CXX_LANGUAGE_STANDARD = "gnu++0x";
				CLANG_CXX_LIBRARY = "libc++";
				CLANG_ENABLE_MODULES = YES;
				CLANG_ENABLE_OBJC_ARC = YES;
				CLANG_WARN_BOOL_CONVERSION = YES;
				CLANG_WARN_CONSTANT_CONVERSION = YES;
				CLANG_WARN_DIRECT_OBJC_ISA_USAGE = YES_ERROR;
				CLANG_WARN_EMPTY_BODY = YES;
				CLANG_WARN_ENUM_CONVERSION = YES;
				CLANG_WARN_INT_CONVERSION = YES;
				CLANG_WARN_OBJC_ROOT_CLASS = YES_ERROR;
				CLANG_WARN_UNREACHABLE_CODE = YES;
				CLANG_WARN__DUPLICATE_METHOD_MATCH = YES;
				"CODE_SIGN_IDENTITY[sdk=iphoneos*]" = "iPhone Developer";
				COPY_PHASE_STRIP = NO;
				DEBUG_INFORMATION_FORMAT = "dwarf-with-dsym";
				ENABLE_NS_ASSERTIONS = NO;
				ENABLE_STRICT_OBJC_MSGSEND = YES;
				GCC_C_LANGUAGE_STANDARD = gnu99;
				GCC_NO_COMMON_BLOCKS = YES;
				GCC_WARN_64_TO_32_BIT_CONVERSION = YES;
				GCC_WARN_ABOUT_RETURN_TYPE = YES_ERROR;
				GCC_WARN_UNDECLARED_SELECTOR = YES;
				GCC_WARN_UNINITIALIZED_AUTOS = YES_AGGRESSIVE;
				GCC_WARN_UNUSED_FUNCTION = YES;
				GCC_WARN_UNUSED_VARIABLE = YES;
				IPHONEOS_DEPLOYMENT_TARGET = 9.0;
				MTL_ENABLE_DEBUG_INFO = NO;
				SDKROOT = iphoneos;
				VALIDATE_PRODUCT = YES;
			};
			name = Release;
		};
		70F7CE2E1BE3AC25001D027C /* Debug */ = {
			isa = XCBuildConfiguration;
			baseConfigurationReference = 809B7A975EDBE96102E85C69 /* Pods.debug.xcconfig */;
			buildSettings = {
				ASSETCATALOG_COMPILER_APPICON_NAME = AppIcon;
				CODE_SIGN_IDENTITY = "iPhone Developer";
				GCC_PREFIX_HEADER = "$(SRCROOT)/XujcClient/XujcClient-prefix.pch";
				INFOPLIST_FILE = XujcClient/Info.plist;
				IPHONEOS_DEPLOYMENT_TARGET = 7.0;
				LD_RUNPATH_SEARCH_PATHS = "$(inherited) @executable_path/Frameworks";
				PRODUCT_BUNDLE_IDENTIFIER = com.tianyiyan.XujcClient;
				PRODUCT_NAME = "$(TARGET_NAME)";
				TARGETED_DEVICE_FAMILY = 1;
			};
			name = Debug;
		};
		70F7CE2F1BE3AC25001D027C /* Release */ = {
			isa = XCBuildConfiguration;
			baseConfigurationReference = F11D480843B2B5B2BA56FFB6 /* Pods.release.xcconfig */;
			buildSettings = {
				ASSETCATALOG_COMPILER_APPICON_NAME = AppIcon;
				CODE_SIGN_IDENTITY = "iPhone Developer";
				GCC_PREFIX_HEADER = "$(SRCROOT)/XujcClient/XujcClient-prefix.pch";
				INFOPLIST_FILE = XujcClient/Info.plist;
				IPHONEOS_DEPLOYMENT_TARGET = 7.0;
				LD_RUNPATH_SEARCH_PATHS = "$(inherited) @executable_path/Frameworks";
				PRODUCT_BUNDLE_IDENTIFIER = com.tianyiyan.XujcClient;
				PRODUCT_NAME = "$(TARGET_NAME)";
				TARGETED_DEVICE_FAMILY = 1;
			};
			name = Release;
		};
/* End XCBuildConfiguration section */

/* Begin XCConfigurationList section */
		70F7CE111BE3AC25001D027C /* Build configuration list for PBXProject "XujcClient" */ = {
			isa = XCConfigurationList;
			buildConfigurations = (
				70F7CE2B1BE3AC25001D027C /* Debug */,
				70F7CE2C1BE3AC25001D027C /* Release */,
			);
			defaultConfigurationIsVisible = 0;
			defaultConfigurationName = Release;
		};
		70F7CE2D1BE3AC25001D027C /* Build configuration list for PBXNativeTarget "XujcClient" */ = {
			isa = XCConfigurationList;
			buildConfigurations = (
				70F7CE2E1BE3AC25001D027C /* Debug */,
				70F7CE2F1BE3AC25001D027C /* Release */,
			);
			defaultConfigurationIsVisible = 0;
			defaultConfigurationName = Release;
		};
/* End XCConfigurationList section */
	};
	rootObject = 70F7CE0E1BE3AC25001D027C /* Project object */;
}
