// !$*UTF8*$!
{
	archiveVersion = 1;
	classes = {
	};
	objectVersion = 46;
	objects = {

/* Begin PBXBuildFile section */
		7023F9A21BE52F6B0046CF3B /* MSDayColumnHeaderBackground.m in Sources */ = {isa = PBXBuildFile; fileRef = 7023F9A11BE52F6B0046CF3B /* MSDayColumnHeaderBackground.m */; settings = {ASSET_TAGS = (); }; };
		7023F9A51BE52FA10046CF3B /* MSTimeRowHeaderBackground.m in Sources */ = {isa = PBXBuildFile; fileRef = 7023F9A41BE52FA10046CF3B /* MSTimeRowHeaderBackground.m */; settings = {ASSET_TAGS = (); }; };
		7023F9A81BE551030046CF3B /* ScheduleColumnHeader.m in Sources */ = {isa = PBXBuildFile; fileRef = 7023F9A71BE551030046CF3B /* ScheduleColumnHeader.m */; settings = {ASSET_TAGS = (); }; };
		7023F9AB1BE60F680046CF3B /* ScheduleRowHeader.m in Sources */ = {isa = PBXBuildFile; fileRef = 7023F9AA1BE60F680046CF3B /* ScheduleRowHeader.m */; settings = {ASSET_TAGS = (); }; };
		7023F9AE1BE6550A0046CF3B /* XujcTerm.m in Sources */ = {isa = PBXBuildFile; fileRef = 7023F9AD1BE6550A0046CF3B /* XujcTerm.m */; settings = {ASSET_TAGS = (); }; };
		7023F9B41BE678E60046CF3B /* XujcCourse.m in Sources */ = {isa = PBXBuildFile; fileRef = 7023F9B31BE678E60046CF3B /* XujcCourse.m */; settings = {ASSET_TAGS = (); }; };
		7023F9BB1BE681300046CF3B /* XujcCourseEvent.m in Sources */ = {isa = PBXBuildFile; fileRef = 7023F9BA1BE681300046CF3B /* XujcCourseEvent.m */; settings = {ASSET_TAGS = (); }; };
		7023F9BE1BE70BB10046CF3B /* CourseEventCell.m in Sources */ = {isa = PBXBuildFile; fileRef = 7023F9BD1BE70BB10046CF3B /* CourseEventCell.m */; settings = {ASSET_TAGS = (); }; };
		7023F9C21BE72F280046CF3B /* NSDate+Week.m in Sources */ = {isa = PBXBuildFile; fileRef = 7023F9C11BE72F280046CF3B /* NSDate+Week.m */; settings = {ASSET_TAGS = (); }; };
		708661351BE75B7400AD64C2 /* XujcSection.m in Sources */ = {isa = PBXBuildFile; fileRef = 708661341BE75B7400AD64C2 /* XujcSection.m */; settings = {ASSET_TAGS = (); }; };
		70F7CE1B1BE3AC25001D027C /* main.m in Sources */ = {isa = PBXBuildFile; fileRef = 70F7CE1A1BE3AC25001D027C /* main.m */; };
		70F7CE1E1BE3AC25001D027C /* AppDelegate.m in Sources */ = {isa = PBXBuildFile; fileRef = 70F7CE1D1BE3AC25001D027C /* AppDelegate.m */; };
		70F7CE211BE3AC25001D027C /* LoginViewController.m in Sources */ = {isa = PBXBuildFile; fileRef = 70F7CE201BE3AC25001D027C /* LoginViewController.m */; };
		70F7CE261BE3AC25001D027C /* Assets.xcassets in Resources */ = {isa = PBXBuildFile; fileRef = 70F7CE251BE3AC25001D027C /* Assets.xcassets */; };
		70F7CE291BE3AC25001D027C /* LaunchScreen.storyboard in Resources */ = {isa = PBXBuildFile; fileRef = 70F7CE271BE3AC25001D027C /* LaunchScreen.storyboard */; };
		70F7CE331BE3BDF0001D027C /* XujcAPI.m in Sources */ = {isa = PBXBuildFile; fileRef = 70F7CE321BE3BDF0001D027C /* XujcAPI.m */; settings = {ASSET_TAGS = (); }; };
		70F7CE391BE3D81C001D027C /* LoginView.xib in Resources */ = {isa = PBXBuildFile; fileRef = 70F7CE381BE3D81C001D027C /* LoginView.xib */; settings = {ASSET_TAGS = (); }; };
		70F7CE3D1BE3E806001D027C /* BaseModel.m in Sources */ = {isa = PBXBuildFile; fileRef = 70F7CE3C1BE3E806001D027C /* BaseModel.m */; settings = {ASSET_TAGS = (); }; };
		70F7CE431BE3E832001D027C /* XujcUser.m in Sources */ = {isa = PBXBuildFile; fileRef = 70F7CE421BE3E832001D027C /* XujcUser.m */; settings = {ASSET_TAGS = (); }; };
		70F7CE491BE3ECAE001D027C /* DynamicData.m in Sources */ = {isa = PBXBuildFile; fileRef = 70F7CE481BE3ECAE001D027C /* DynamicData.m */; settings = {ASSET_TAGS = (); }; };
		70F7CE4E1BE40A3C001D027C /* ScheduleViewController.m in Sources */ = {isa = PBXBuildFile; fileRef = 70F7CE4D1BE40A3C001D027C /* ScheduleViewController.m */; settings = {ASSET_TAGS = (); }; };
		70F7CE511BE40A81001D027C /* MainTabBarController.m in Sources */ = {isa = PBXBuildFile; fileRef = 70F7CE501BE40A81001D027C /* MainTabBarController.m */; settings = {ASSET_TAGS = (); }; };
		70F7CE571BE41182001D027C /* tabbar-schedule-selected@2x.png in Resources */ = {isa = PBXBuildFile; fileRef = 70F7CE531BE41182001D027C /* tabbar-schedule-selected@2x.png */; settings = {ASSET_TAGS = (); }; };
		70F7CE581BE41182001D027C /* tabbar-schedule-selected@3x.png in Resources */ = {isa = PBXBuildFile; fileRef = 70F7CE541BE41182001D027C /* tabbar-schedule-selected@3x.png */; settings = {ASSET_TAGS = (); }; };
		70F7CE591BE41182001D027C /* tabbar-schedule@2x.png in Resources */ = {isa = PBXBuildFile; fileRef = 70F7CE551BE41182001D027C /* tabbar-schedule@2x.png */; settings = {ASSET_TAGS = (); }; };
		70F7CE5A1BE41182001D027C /* tabbar-schedule@3x.png in Resources */ = {isa = PBXBuildFile; fileRef = 70F7CE561BE41182001D027C /* tabbar-schedule@3x.png */; settings = {ASSET_TAGS = (); }; };
		70F7CE611BE42391001D027C /* MSEvent.m in Sources */ = {isa = PBXBuildFile; fileRef = 70F7CE601BE42391001D027C /* MSEvent.m */; settings = {ASSET_TAGS = (); }; };
		70F7CE6E1BE43A4F001D027C /* MSGridline.m in Sources */ = {isa = PBXBuildFile; fileRef = 70F7CE6D1BE43A4E001D027C /* MSGridline.m */; settings = {ASSET_TAGS = (); }; };
		70F7CE711BE43AA6001D027C /* MSCurrentTimeIndicator.m in Sources */ = {isa = PBXBuildFile; fileRef = 70F7CE701BE43AA6001D027C /* MSCurrentTimeIndicator.m */; settings = {ASSET_TAGS = (); }; };
		70F7CE741BE43AC3001D027C /* MSCurrentTimeGridline.m in Sources */ = {isa = PBXBuildFile; fileRef = 70F7CE721BE43AC3001D027C /* MSCurrentTimeGridline.m */; settings = {ASSET_TAGS = (); }; };
		D6AA2EAC9399777C75CF39CE /* libPods.a in Frameworks */ = {isa = PBXBuildFile; fileRef = F22B4B799576540B0102BE0C /* libPods.a */; };
/* End PBXBuildFile section */

/* Begin PBXFileReference section */
		7023F9A01BE52F6B0046CF3B /* MSDayColumnHeaderBackground.h */ = {isa = PBXFileReference; fileEncoding = 4; lastKnownFileType = sourcecode.c.h; path = MSDayColumnHeaderBackground.h; sourceTree = "<group>"; };
		7023F9A11BE52F6B0046CF3B /* MSDayColumnHeaderBackground.m */ = {isa = PBXFileReference; fileEncoding = 4; lastKnownFileType = sourcecode.c.objc; path = MSDayColumnHeaderBackground.m; sourceTree = "<group>"; };
		7023F9A31BE52FA10046CF3B /* MSTimeRowHeaderBackground.h */ = {isa = PBXFileReference; fileEncoding = 4; lastKnownFileType = sourcecode.c.h; path = MSTimeRowHeaderBackground.h; sourceTree = "<group>"; };
		7023F9A41BE52FA10046CF3B /* MSTimeRowHeaderBackground.m */ = {isa = PBXFileReference; fileEncoding = 4; lastKnownFileType = sourcecode.c.objc; path = MSTimeRowHeaderBackground.m; sourceTree = "<group>"; };
		7023F9A61BE551030046CF3B /* ScheduleColumnHeader.h */ = {isa = PBXFileReference; fileEncoding = 4; lastKnownFileType = sourcecode.c.h; path = ScheduleColumnHeader.h; sourceTree = "<group>"; };
		7023F9A71BE551030046CF3B /* ScheduleColumnHeader.m */ = {isa = PBXFileReference; fileEncoding = 4; lastKnownFileType = sourcecode.c.objc; path = ScheduleColumnHeader.m; sourceTree = "<group>"; };
		7023F9A91BE60F680046CF3B /* ScheduleRowHeader.h */ = {isa = PBXFileReference; fileEncoding = 4; lastKnownFileType = sourcecode.c.h; path = ScheduleRowHeader.h; sourceTree = "<group>"; };
		7023F9AA1BE60F680046CF3B /* ScheduleRowHeader.m */ = {isa = PBXFileReference; fileEncoding = 4; lastKnownFileType = sourcecode.c.objc; path = ScheduleRowHeader.m; sourceTree = "<group>"; };
		7023F9AC1BE6550A0046CF3B /* XujcTerm.h */ = {isa = PBXFileReference; fileEncoding = 4; lastKnownFileType = sourcecode.c.h; path = XujcTerm.h; sourceTree = "<group>"; };
		7023F9AD1BE6550A0046CF3B /* XujcTerm.m */ = {isa = PBXFileReference; fileEncoding = 4; lastKnownFileType = sourcecode.c.objc; path = XujcTerm.m; sourceTree = "<group>"; };
		7023F9B21BE678E60046CF3B /* XujcCourse.h */ = {isa = PBXFileReference; fileEncoding = 4; lastKnownFileType = sourcecode.c.h; path = XujcCourse.h; sourceTree = "<group>"; };
		7023F9B31BE678E60046CF3B /* XujcCourse.m */ = {isa = PBXFileReference; fileEncoding = 4; lastKnownFileType = sourcecode.c.objc; path = XujcCourse.m; sourceTree = "<group>"; };
		7023F9B51BE679C40046CF3B /* XujcRequestKeys.h */ = {isa = PBXFileReference; lastKnownFileType = sourcecode.c.h; path = XujcRequestKeys.h; sourceTree = "<group>"; };
		7023F9B91BE681300046CF3B /* XujcCourseEvent.h */ = {isa = PBXFileReference; fileEncoding = 4; lastKnownFileType = sourcecode.c.h; path = XujcCourseEvent.h; sourceTree = "<group>"; };
		7023F9BA1BE681300046CF3B /* XujcCourseEvent.m */ = {isa = PBXFileReference; fileEncoding = 4; lastKnownFileType = sourcecode.c.objc; path = XujcCourseEvent.m; sourceTree = "<group>"; };
		7023F9BC1BE70BB10046CF3B /* CourseEventCell.h */ = {isa = PBXFileReference; fileEncoding = 4; lastKnownFileType = sourcecode.c.h; path = CourseEventCell.h; sourceTree = "<group>"; };
		7023F9BD1BE70BB10046CF3B /* CourseEventCell.m */ = {isa = PBXFileReference; fileEncoding = 4; lastKnownFileType = sourcecode.c.objc; path = CourseEventCell.m; sourceTree = "<group>"; };
		7023F9C01BE72F280046CF3B /* NSDate+Week.h */ = {isa = PBXFileReference; fileEncoding = 4; lastKnownFileType = sourcecode.c.h; path = "NSDate+Week.h"; sourceTree = "<group>"; };
		7023F9C11BE72F280046CF3B /* NSDate+Week.m */ = {isa = PBXFileReference; fileEncoding = 4; lastKnownFileType = sourcecode.c.objc; path = "NSDate+Week.m"; sourceTree = "<group>"; };
		708661331BE75B7400AD64C2 /* XujcSection.h */ = {isa = PBXFileReference; fileEncoding = 4; lastKnownFileType = sourcecode.c.h; path = XujcSection.h; sourceTree = "<group>"; };
		708661341BE75B7400AD64C2 /* XujcSection.m */ = {isa = PBXFileReference; fileEncoding = 4; lastKnownFileType = sourcecode.c.objc; path = XujcSection.m; sourceTree = "<group>"; };
		70F7CE161BE3AC25001D027C /* XujcClient.app */ = {isa = PBXFileReference; explicitFileType = wrapper.application; includeInIndex = 0; path = XujcClient.app; sourceTree = BUILT_PRODUCTS_DIR; };
		70F7CE1A1BE3AC25001D027C /* main.m */ = {isa = PBXFileReference; lastKnownFileType = sourcecode.c.objc; path = main.m; sourceTree = "<group>"; };
		70F7CE1C1BE3AC25001D027C /* AppDelegate.h */ = {isa = PBXFileReference; lastKnownFileType = sourcecode.c.h; path = AppDelegate.h; sourceTree = "<group>"; };
		70F7CE1D1BE3AC25001D027C /* AppDelegate.m */ = {isa = PBXFileReference; lastKnownFileType = sourcecode.c.objc; path = AppDelegate.m; sourceTree = "<group>"; };
		70F7CE1F1BE3AC25001D027C /* LoginViewController.h */ = {isa = PBXFileReference; lastKnownFileType = sourcecode.c.h; path = LoginViewController.h; sourceTree = "<group>"; };
		70F7CE201BE3AC25001D027C /* LoginViewController.m */ = {isa = PBXFileReference; lastKnownFileType = sourcecode.c.objc; path = LoginViewController.m; sourceTree = "<group>"; };
		70F7CE251BE3AC25001D027C /* Assets.xcassets */ = {isa = PBXFileReference; lastKnownFileType = folder.assetcatalog; path = Assets.xcassets; sourceTree = "<group>"; };
		70F7CE281BE3AC25001D027C /* Base */ = {isa = PBXFileReference; lastKnownFileType = file.storyboard; name = Base; path = Base.lproj/LaunchScreen.storyboard; sourceTree = "<group>"; };
		70F7CE2A1BE3AC25001D027C /* Info.plist */ = {isa = PBXFileReference; lastKnownFileType = text.plist.xml; path = Info.plist; sourceTree = "<group>"; };
		70F7CE311BE3BDF0001D027C /* XujcAPI.h */ = {isa = PBXFileReference; fileEncoding = 4; lastKnownFileType = sourcecode.c.h; path = XujcAPI.h; sourceTree = "<group>"; };
		70F7CE321BE3BDF0001D027C /* XujcAPI.m */ = {isa = PBXFileReference; fileEncoding = 4; lastKnownFileType = sourcecode.c.objc; path = XujcAPI.m; sourceTree = "<group>"; };
		70F7CE351BE3D1B8001D027C /* TyLog_Objc.h */ = {isa = PBXFileReference; fileEncoding = 4; lastKnownFileType = sourcecode.c.h; path = TyLog_Objc.h; sourceTree = "<group>"; };
		70F7CE381BE3D81C001D027C /* LoginView.xib */ = {isa = PBXFileReference; fileEncoding = 4; lastKnownFileType = file.xib; path = LoginView.xib; sourceTree = "<group>"; };
		70F7CE3B1BE3E806001D027C /* BaseModel.h */ = {isa = PBXFileReference; fileEncoding = 4; lastKnownFileType = sourcecode.c.h; path = BaseModel.h; sourceTree = "<group>"; };
		70F7CE3C1BE3E806001D027C /* BaseModel.m */ = {isa = PBXFileReference; fileEncoding = 4; lastKnownFileType = sourcecode.c.objc; path = BaseModel.m; sourceTree = "<group>"; };
		70F7CE411BE3E832001D027C /* XujcUser.h */ = {isa = PBXFileReference; fileEncoding = 4; lastKnownFileType = sourcecode.c.h; path = XujcUser.h; sourceTree = "<group>"; };
		70F7CE421BE3E832001D027C /* XujcUser.m */ = {isa = PBXFileReference; fileEncoding = 4; lastKnownFileType = sourcecode.c.objc; path = XujcUser.m; sourceTree = "<group>"; };
		70F7CE471BE3ECAE001D027C /* DynamicData.h */ = {isa = PBXFileReference; fileEncoding = 4; lastKnownFileType = sourcecode.c.h; path = DynamicData.h; sourceTree = "<group>"; };
		70F7CE481BE3ECAE001D027C /* DynamicData.m */ = {isa = PBXFileReference; fileEncoding = 4; lastKnownFileType = sourcecode.c.objc; path = DynamicData.m; sourceTree = "<group>"; };
		70F7CE4C1BE40A3C001D027C /* ScheduleViewController.h */ = {isa = PBXFileReference; fileEncoding = 4; lastKnownFileType = sourcecode.c.h; path = ScheduleViewController.h; sourceTree = "<group>"; };
		70F7CE4D1BE40A3C001D027C /* ScheduleViewController.m */ = {isa = PBXFileReference; fileEncoding = 4; lastKnownFileType = sourcecode.c.objc; path = ScheduleViewController.m; sourceTree = "<group>"; };
		70F7CE4F1BE40A81001D027C /* MainTabBarController.h */ = {isa = PBXFileReference; fileEncoding = 4; lastKnownFileType = sourcecode.c.h; path = MainTabBarController.h; sourceTree = "<group>"; };
		70F7CE501BE40A81001D027C /* MainTabBarController.m */ = {isa = PBXFileReference; fileEncoding = 4; lastKnownFileType = sourcecode.c.objc; path = MainTabBarController.m; sourceTree = "<group>"; };
		70F7CE531BE41182001D027C /* tabbar-schedule-selected@2x.png */ = {isa = PBXFileReference; lastKnownFileType = image.png; path = "tabbar-schedule-selected@2x.png"; sourceTree = "<group>"; };
		70F7CE541BE41182001D027C /* tabbar-schedule-selected@3x.png */ = {isa = PBXFileReference; lastKnownFileType = image.png; path = "tabbar-schedule-selected@3x.png"; sourceTree = "<group>"; };
		70F7CE551BE41182001D027C /* tabbar-schedule@2x.png */ = {isa = PBXFileReference; lastKnownFileType = image.png; path = "tabbar-schedule@2x.png"; sourceTree = "<group>"; };
		70F7CE561BE41182001D027C /* tabbar-schedule@3x.png */ = {isa = PBXFileReference; lastKnownFileType = image.png; path = "tabbar-schedule@3x.png"; sourceTree = "<group>"; };
		70F7CE5F1BE42391001D027C /* MSEvent.h */ = {isa = PBXFileReference; fileEncoding = 4; lastKnownFileType = sourcecode.c.h; path = MSEvent.h; sourceTree = "<group>"; };
		70F7CE601BE42391001D027C /* MSEvent.m */ = {isa = PBXFileReference; fileEncoding = 4; lastKnownFileType = sourcecode.c.objc; path = MSEvent.m; sourceTree = "<group>"; };
		70F7CE6B1BE4394D001D027C /* XujcClient-prefix.pch */ = {isa = PBXFileReference; lastKnownFileType = sourcecode.c.h; path = "XujcClient-prefix.pch"; sourceTree = "<group>"; };
		70F7CE6C1BE43A4E001D027C /* MSGridline.h */ = {isa = PBXFileReference; fileEncoding = 4; lastKnownFileType = sourcecode.c.h; path = MSGridline.h; sourceTree = "<group>"; };
		70F7CE6D1BE43A4E001D027C /* MSGridline.m */ = {isa = PBXFileReference; fileEncoding = 4; lastKnownFileType = sourcecode.c.objc; path = MSGridline.m; sourceTree = "<group>"; };
		70F7CE6F1BE43AA6001D027C /* MSCurrentTimeGridline.h */ = {isa = PBXFileReference; fileEncoding = 4; lastKnownFileType = sourcecode.c.h; path = MSCurrentTimeGridline.h; sourceTree = "<group>"; };
		70F7CE701BE43AA6001D027C /* MSCurrentTimeIndicator.m */ = {isa = PBXFileReference; fileEncoding = 4; lastKnownFileType = sourcecode.c.objc; path = MSCurrentTimeIndicator.m; sourceTree = "<group>"; };
		70F7CE721BE43AC3001D027C /* MSCurrentTimeGridline.m */ = {isa = PBXFileReference; fileEncoding = 4; lastKnownFileType = sourcecode.c.objc; path = MSCurrentTimeGridline.m; sourceTree = "<group>"; };
		70F7CE731BE43AC3001D027C /* MSCurrentTimeIndicator.h */ = {isa = PBXFileReference; fileEncoding = 4; lastKnownFileType = sourcecode.c.h; path = MSCurrentTimeIndicator.h; sourceTree = "<group>"; };
		809B7A975EDBE96102E85C69 /* Pods.debug.xcconfig */ = {isa = PBXFileReference; includeInIndex = 1; lastKnownFileType = text.xcconfig; name = Pods.debug.xcconfig; path = "Pods/Target Support Files/Pods/Pods.debug.xcconfig"; sourceTree = "<group>"; };
		F11D480843B2B5B2BA56FFB6 /* Pods.release.xcconfig */ = {isa = PBXFileReference; includeInIndex = 1; lastKnownFileType = text.xcconfig; name = Pods.release.xcconfig; path = "Pods/Target Support Files/Pods/Pods.release.xcconfig"; sourceTree = "<group>"; };
		F22B4B799576540B0102BE0C /* libPods.a */ = {isa = PBXFileReference; explicitFileType = archive.ar; includeInIndex = 0; path = libPods.a; sourceTree = BUILT_PRODUCTS_DIR; };
/* End PBXFileReference section */

/* Begin PBXFrameworksBuildPhase section */
		70F7CE131BE3AC25001D027C /* Frameworks */ = {
			isa = PBXFrameworksBuildPhase;
			buildActionMask = 2147483647;
			files = (
				D6AA2EAC9399777C75CF39CE /* libPods.a in Frameworks */,
			);
			runOnlyForDeploymentPostprocessing = 0;
		};
/* End PBXFrameworksBuildPhase section */

/* Begin PBXGroup section */
		34B4EF0F9104D9147B0C3989 /* Pods */ = {
			isa = PBXGroup;
			children = (
				809B7A975EDBE96102E85C69 /* Pods.debug.xcconfig */,
				F11D480843B2B5B2BA56FFB6 /* Pods.release.xcconfig */,
			);
			name = Pods;
			sourceTree = "<group>";
		};
		5A4C8CA49D7012FCB8256C25 /* Frameworks */ = {
			isa = PBXGroup;
			children = (
				F22B4B799576540B0102BE0C /* libPods.a */,
			);
			name = Frameworks;
			sourceTree = "<group>";
		};
		7023F9BF1BE72E5E0046CF3B /* Category */ = {
			isa = PBXGroup;
			children = (
				7023F9C01BE72F280046CF3B /* NSDate+Week.h */,
				7023F9C11BE72F280046CF3B /* NSDate+Week.m */,
			);
			path = Category;
			sourceTree = "<group>";
		};
		70F7CE0D1BE3AC25001D027C = {
			isa = PBXGroup;
			children = (
				70F7CE181BE3AC25001D027C /* XujcClient */,
				70F7CE171BE3AC25001D027C /* Products */,
				34B4EF0F9104D9147B0C3989 /* Pods */,
				5A4C8CA49D7012FCB8256C25 /* Frameworks */,
			);
			sourceTree = "<group>";
		};
		70F7CE171BE3AC25001D027C /* Products */ = {
			isa = PBXGroup;
			children = (
				70F7CE161BE3AC25001D027C /* XujcClient.app */,
			);
			name = Products;
			sourceTree = "<group>";
		};
		70F7CE181BE3AC25001D027C /* XujcClient */ = {
			isa = PBXGroup;
			children = (
				7023F9BF1BE72E5E0046CF3B /* Category */,
				70F7CE621BE426FF001D027C /* Collection View Reusable Views */,
				70F7CE5B1BE422B2001D027C /* Collection View Cells */,
				70F7CE3A1BE3E7E7001D027C /* Model */,
				70F7CE341BE3D1B8001D027C /* Comment */,
				70F7CE301BE3BD4A001D027C /* API */,
				70F7CE1C1BE3AC25001D027C /* AppDelegate.h */,
				70F7CE1D1BE3AC25001D027C /* AppDelegate.m */,
				70F7CE1F1BE3AC25001D027C /* LoginViewController.h */,
				70F7CE201BE3AC25001D027C /* LoginViewController.m */,
				70F7CE381BE3D81C001D027C /* LoginView.xib */,
				70F7CE4F1BE40A81001D027C /* MainTabBarController.h */,
				70F7CE501BE40A81001D027C /* MainTabBarController.m */,
				70F7CE4C1BE40A3C001D027C /* ScheduleViewController.h */,
				70F7CE4D1BE40A3C001D027C /* ScheduleViewController.m */,
				70F7CE251BE3AC25001D027C /* Assets.xcassets */,
				70F7CE271BE3AC25001D027C /* LaunchScreen.storyboard */,
				70F7CE2A1BE3AC25001D027C /* Info.plist */,
				70F7CE521BE41182001D027C /* Resource */,
				70F7CE191BE3AC25001D027C /* Supporting Files */,
			);
			path = XujcClient;
			sourceTree = "<group>";
		};
		70F7CE191BE3AC25001D027C /* Supporting Files */ = {
			isa = PBXGroup;
			children = (
				70F7CE6B1BE4394D001D027C /* XujcClient-prefix.pch */,
				70F7CE1A1BE3AC25001D027C /* main.m */,
			);
			name = "Supporting Files";
			sourceTree = "<group>";
		};
		70F7CE301BE3BD4A001D027C /* API */ = {
			isa = PBXGroup;
			children = (
				7023F9B51BE679C40046CF3B /* XujcRequestKeys.h */,
				70F7CE311BE3BDF0001D027C /* XujcAPI.h */,
				70F7CE321BE3BDF0001D027C /* XujcAPI.m */,
			);
			path = API;
			sourceTree = "<group>";
		};
		70F7CE341BE3D1B8001D027C /* Comment */ = {
			isa = PBXGroup;
			children = (
				70F7CE471BE3ECAE001D027C /* DynamicData.h */,
				70F7CE481BE3ECAE001D027C /* DynamicData.m */,
				70F7CE351BE3D1B8001D027C /* TyLog_Objc.h */,
			);
			path = Comment;
			sourceTree = "<group>";
		};
		70F7CE3A1BE3E7E7001D027C /* Model */ = {
			isa = PBXGroup;
			children = (
				70F7CE5F1BE42391001D027C /* MSEvent.h */,
				70F7CE601BE42391001D027C /* MSEvent.m */,
				70F7CE3B1BE3E806001D027C /* BaseModel.h */,
				70F7CE3C1BE3E806001D027C /* BaseModel.m */,
				70F7CE411BE3E832001D027C /* XujcUser.h */,
				70F7CE421BE3E832001D027C /* XujcUser.m */,
				7023F9AC1BE6550A0046CF3B /* XujcTerm.h */,
				7023F9AD1BE6550A0046CF3B /* XujcTerm.m */,
				7023F9B21BE678E60046CF3B /* XujcCourse.h */,
				7023F9B31BE678E60046CF3B /* XujcCourse.m */,
				7023F9B91BE681300046CF3B /* XujcCourseEvent.h */,
				7023F9BA1BE681300046CF3B /* XujcCourseEvent.m */,
				708661331BE75B7400AD64C2 /* XujcSection.h */,
				708661341BE75B7400AD64C2 /* XujcSection.m */,
			);
			path = Model;
			sourceTree = "<group>";
		};
		70F7CE521BE41182001D027C /* Resource */ = {
			isa = PBXGroup;
			children = (
				70F7CE531BE41182001D027C /* tabbar-schedule-selected@2x.png */,
				70F7CE541BE41182001D027C /* tabbar-schedule-selected@3x.png */,
				70F7CE551BE41182001D027C /* tabbar-schedule@2x.png */,
				70F7CE561BE41182001D027C /* tabbar-schedule@3x.png */,
			);
			path = Resource;
			sourceTree = "<group>";
		};
		70F7CE5B1BE422B2001D027C /* Collection View Cells */ = {
			isa = PBXGroup;
			children = (
				7023F9BC1BE70BB10046CF3B /* CourseEventCell.h */,
				7023F9BD1BE70BB10046CF3B /* CourseEventCell.m */,
			);
			path = "Collection View Cells";
			sourceTree = "<group>";
		};
		70F7CE621BE426FF001D027C /* Collection View Reusable Views */ = {
			isa = PBXGroup;
			children = (
				7023F9A31BE52FA10046CF3B /* MSTimeRowHeaderBackground.h */,
				7023F9A41BE52FA10046CF3B /* MSTimeRowHeaderBackground.m */,
				7023F9A01BE52F6B0046CF3B /* MSDayColumnHeaderBackground.h */,
				7023F9A11BE52F6B0046CF3B /* MSDayColumnHeaderBackground.m */,
				70F7CE6F1BE43AA6001D027C /* MSCurrentTimeGridline.h */,
				70F7CE721BE43AC3001D027C /* MSCurrentTimeGridline.m */,
				70F7CE731BE43AC3001D027C /* MSCurrentTimeIndicator.h */,
				70F7CE701BE43AA6001D027C /* MSCurrentTimeIndicator.m */,
				70F7CE6C1BE43A4E001D027C /* MSGridline.h */,
				70F7CE6D1BE43A4E001D027C /* MSGridline.m */,
				7023F9A91BE60F680046CF3B /* ScheduleRowHeader.h */,
				7023F9AA1BE60F680046CF3B /* ScheduleRowHeader.m */,
				7023F9A61BE551030046CF3B /* ScheduleColumnHeader.h */,
				7023F9A71BE551030046CF3B /* ScheduleColumnHeader.m */,
			);
			path = "Collection View Reusable Views";
			sourceTree = "<group>";
		};
/* End PBXGroup section */

/* Begin PBXNativeTarget section */
		70F7CE151BE3AC25001D027C /* XujcClient */ = {
			isa = PBXNativeTarget;
			buildConfigurationList = 70F7CE2D1BE3AC25001D027C /* Build configuration list for PBXNativeTarget "XujcClient" */;
			buildPhases = (
				4044B8D20CE8952DF291306E /* Check Pods Manifest.lock */,
				70F7CE121BE3AC25001D027C /* Sources */,
				70F7CE131BE3AC25001D027C /* Frameworks */,
				70F7CE141BE3AC25001D027C /* Resources */,
				AD59B45E58504EB86000E3BC /* Copy Pods Resources */,
			);
			buildRules = (
			);
			dependencies = (
			);
			name = XujcClient;
			productName = XujcClient;
			productReference = 70F7CE161BE3AC25001D027C /* XujcClient.app */;
			productType = "com.apple.product-type.application";
		};
/* End PBXNativeTarget section */

/* Begin PBXProject section */
		70F7CE0E1BE3AC25001D027C /* Project object */ = {
			isa = PBXProject;
			attributes = {
				LastUpgradeCheck = 0700;
				ORGANIZATIONNAME = luckytianyiyan;
				TargetAttributes = {
					70F7CE151BE3AC25001D027C = {
						CreatedOnToolsVersion = 7.0.1;
						DevelopmentTeam = E67MQJRFZ7;
					};
				};
			};
			buildConfigurationList = 70F7CE111BE3AC25001D027C /* Build configuration list for PBXProject "XujcClient" */;
			compatibilityVersion = "Xcode 3.2";
			developmentRegion = English;
			hasScannedForEncodings = 0;
			knownRegions = (
				en,
				Base,
			);
			mainGroup = 70F7CE0D1BE3AC25001D027C;
			productRefGroup = 70F7CE171BE3AC25001D027C /* Products */;
			projectDirPath = "";
			projectRoot = "";
			targets = (
				70F7CE151BE3AC25001D027C /* XujcClient */,
			);
		};
/* End PBXProject section */

/* Begin PBXResourcesBuildPhase section */
		70F7CE141BE3AC25001D027C /* Resources */ = {
			isa = PBXResourcesBuildPhase;
			buildActionMask = 2147483647;
			files = (
				70F7CE5A1BE41182001D027C /* tabbar-schedule@3x.png in Resources */,
				70F7CE571BE41182001D027C /* tabbar-schedule-selected@2x.png in Resources */,
				70F7CE591BE41182001D027C /* tabbar-schedule@2x.png in Resources */,
				70F7CE291BE3AC25001D027C /* LaunchScreen.storyboard in Resources */,
				70F7CE261BE3AC25001D027C /* Assets.xcassets in Resources */,
				70F7CE391BE3D81C001D027C /* LoginView.xib in Resources */,
				70F7CE581BE41182001D027C /* tabbar-schedule-selected@3x.png in Resources */,
			);
			runOnlyForDeploymentPostprocessing = 0;
		};
/* End PBXResourcesBuildPhase section */

/* Begin PBXShellScriptBuildPhase section */
		4044B8D20CE8952DF291306E /* Check Pods Manifest.lock */ = {
			isa = PBXShellScriptBuildPhase;
			buildActionMask = 2147483647;
			files = (
			);
			inputPaths = (
			);
			name = "Check Pods Manifest.lock";
			outputPaths = (
			);
			runOnlyForDeploymentPostprocessing = 0;
			shellPath = /bin/sh;
			shellScript = "diff \"${PODS_ROOT}/../Podfile.lock\" \"${PODS_ROOT}/Manifest.lock\" > /dev/null\nif [[ $? != 0 ]] ; then\n    cat << EOM\nerror: The sandbox is not in sync with the Podfile.lock. Run 'pod install' or update your CocoaPods installation.\nEOM\n    exit 1\nfi\n";
			showEnvVarsInLog = 0;
		};
		AD59B45E58504EB86000E3BC /* Copy Pods Resources */ = {
			isa = PBXShellScriptBuildPhase;
			buildActionMask = 2147483647;
			files = (
			);
			inputPaths = (
			);
			name = "Copy Pods Resources";
			outputPaths = (
			);
			runOnlyForDeploymentPostprocessing = 0;
			shellPath = /bin/sh;
			shellScript = "\"${SRCROOT}/Pods/Target Support Files/Pods/Pods-resources.sh\"\n";
			showEnvVarsInLog = 0;
		};
/* End PBXShellScriptBuildPhase section */

/* Begin PBXSourcesBuildPhase section */
		70F7CE121BE3AC25001D027C /* Sources */ = {
			isa = PBXSourcesBuildPhase;
			buildActionMask = 2147483647;
			files = (
				70F7CE431BE3E832001D027C /* XujcUser.m in Sources */,
				7023F9BE1BE70BB10046CF3B /* CourseEventCell.m in Sources */,
				70F7CE611BE42391001D027C /* MSEvent.m in Sources */,
				7023F9A51BE52FA10046CF3B /* MSTimeRowHeaderBackground.m in Sources */,
				70F7CE741BE43AC3001D027C /* MSCurrentTimeGridline.m in Sources */,
				7023F9BB1BE681300046CF3B /* XujcCourseEvent.m in Sources */,
				7023F9AB1BE60F680046CF3B /* ScheduleRowHeader.m in Sources */,
				70F7CE331BE3BDF0001D027C /* XujcAPI.m in Sources */,
				70F7CE511BE40A81001D027C /* MainTabBarController.m in Sources */,
				70F7CE6E1BE43A4F001D027C /* MSGridline.m in Sources */,
				70F7CE491BE3ECAE001D027C /* DynamicData.m in Sources */,
				70F7CE211BE3AC25001D027C /* LoginViewController.m in Sources */,
				7023F9B41BE678E60046CF3B /* XujcCourse.m in Sources */,
				70F7CE1E1BE3AC25001D027C /* AppDelegate.m in Sources */,
				7023F9A81BE551030046CF3B /* ScheduleColumnHeader.m in Sources */,
				708661351BE75B7400AD64C2 /* XujcSection.m in Sources */,
				7023F9A21BE52F6B0046CF3B /* MSDayColumnHeaderBackground.m in Sources */,
				70F7CE3D1BE3E806001D027C /* BaseModel.m in Sources */,
				7023F9AE1BE6550A0046CF3B /* XujcTerm.m in Sources */,
				70F7CE1B1BE3AC25001D027C /* main.m in Sources */,
				7023F9C21BE72F280046CF3B /* NSDate+Week.m in Sources */,
				70F7CE711BE43AA6001D027C /* MSCurrentTimeIndicator.m in Sources */,
				70F7CE4E1BE40A3C001D027C /* ScheduleViewController.m in Sources */,
			);
			runOnlyForDeploymentPostprocessing = 0;
		};
/* End PBXSourcesBuildPhase section */

/* Begin PBXVariantGroup section */
		70F7CE271BE3AC25001D027C /* LaunchScreen.storyboard */ = {
			isa = PBXVariantGroup;
			children = (
				70F7CE281BE3AC25001D027C /* Base */,
			);
			name = LaunchScreen.storyboard;
			sourceTree = "<group>";
		};
/* End PBXVariantGroup section */

/* Begin XCBuildConfiguration section */
		70F7CE2B1BE3AC25001D027C /* Debug */ = {
			isa = XCBuildConfiguration;
			buildSettings = {
				ALWAYS_SEARCH_USER_PATHS = NO;
				CLANG_CXX_LANGUAGE_STANDARD = "gnu++0x";
				CLANG_CXX_LIBRARY = "libc++";
				CLANG_ENABLE_MODULES = YES;
				CLANG_ENABLE_OBJC_ARC = YES;
				CLANG_WARN_BOOL_CONVERSION = YES;
				CLANG_WARN_CONSTANT_CONVERSION = YES;
				CLANG_WARN_DIRECT_OBJC_ISA_USAGE = YES_ERROR;
				CLANG_WARN_EMPTY_BODY = YES;
				CLANG_WARN_ENUM_CONVERSION = YES;
				CLANG_WARN_INT_CONVERSION = YES;
				CLANG_WARN_OBJC_ROOT_CLASS = YES_ERROR;
				CLANG_WARN_UNREACHABLE_CODE = YES;
				CLANG_WARN__DUPLICATE_METHOD_MATCH = YES;
				"CODE_SIGN_IDENTITY[sdk=iphoneos*]" = "iPhone Developer";
				COPY_PHASE_STRIP = NO;
				DEBUG_INFORMATION_FORMAT = dwarf;
				ENABLE_STRICT_OBJC_MSGSEND = YES;
				ENABLE_TESTABILITY = YES;
				GCC_C_LANGUAGE_STANDARD = gnu99;
				GCC_DYNAMIC_NO_PIC = NO;
				GCC_NO_COMMON_BLOCKS = YES;
				GCC_OPTIMIZATION_LEVEL = 0;
				GCC_PREPROCESSOR_DEFINITIONS = (
					"DEBUG=1",
					"$(inherited)",
				);
				GCC_WARN_64_TO_32_BIT_CONVERSION = YES;
				GCC_WARN_ABOUT_RETURN_TYPE = YES_ERROR;
				GCC_WARN_UNDECLARED_SELECTOR = YES;
				GCC_WARN_UNINITIALIZED_AUTOS = YES_AGGRESSIVE;
				GCC_WARN_UNUSED_FUNCTION = YES;
				GCC_WARN_UNUSED_VARIABLE = YES;
				IPHONEOS_DEPLOYMENT_TARGET = 9.0;
				MTL_ENABLE_DEBUG_INFO = YES;
				ONLY_ACTIVE_ARCH = YES;
				SDKROOT = iphoneos;
			};
			name = Debug;
		};
		70F7CE2C1BE3AC25001D027C /* Release */ = {
			isa = XCBuildConfiguration;
			buildSettings = {
				ALWAYS_SEARCH_USER_PATHS = NO;
				CLANG_CXX_LANGUAGE_STANDARD = "gnu++0x";
				CLANG_CXX_LIBRARY = "libc++";
				CLANG_ENABLE_MODULES = YES;
				CLANG_ENABLE_OBJC_ARC = YES;
				CLANG_WARN_BOOL_CONVERSION = YES;
				CLANG_WARN_CONSTANT_CONVERSION = YES;
				CLANG_WARN_DIRECT_OBJC_ISA_USAGE = YES_ERROR;
				CLANG_WARN_EMPTY_BODY = YES;
				CLANG_WARN_ENUM_CONVERSION = YES;
				CLANG_WARN_INT_CONVERSION = YES;
				CLANG_WARN_OBJC_ROOT_CLASS = YES_ERROR;
				CLANG_WARN_UNREACHABLE_CODE = YES;
				CLANG_WARN__DUPLICATE_METHOD_MATCH = YES;
				"CODE_SIGN_IDENTITY[sdk=iphoneos*]" = "iPhone Developer";
				COPY_PHASE_STRIP = NO;
				DEBUG_INFORMATION_FORMAT = "dwarf-with-dsym";
				ENABLE_NS_ASSERTIONS = NO;
				ENABLE_STRICT_OBJC_MSGSEND = YES;
				GCC_C_LANGUAGE_STANDARD = gnu99;
				GCC_NO_COMMON_BLOCKS = YES;
				GCC_WARN_64_TO_32_BIT_CONVERSION = YES;
				GCC_WARN_ABOUT_RETURN_TYPE = YES_ERROR;
				GCC_WARN_UNDECLARED_SELECTOR = YES;
				GCC_WARN_UNINITIALIZED_AUTOS = YES_AGGRESSIVE;
				GCC_WARN_UNUSED_FUNCTION = YES;
				GCC_WARN_UNUSED_VARIABLE = YES;
				IPHONEOS_DEPLOYMENT_TARGET = 9.0;
				MTL_ENABLE_DEBUG_INFO = NO;
				SDKROOT = iphoneos;
				VALIDATE_PRODUCT = YES;
			};
			name = Release;
		};
		70F7CE2E1BE3AC25001D027C /* Debug */ = {
			isa = XCBuildConfiguration;
			baseConfigurationReference = 809B7A975EDBE96102E85C69 /* Pods.debug.xcconfig */;
			buildSettings = {
				ASSETCATALOG_COMPILER_APPICON_NAME = AppIcon;
				CODE_SIGN_IDENTITY = "iPhone Developer";
				GCC_PREFIX_HEADER = "$(SRCROOT)/XujcClient/XujcClient-prefix.pch";
				INFOPLIST_FILE = XujcClient/Info.plist;
				LD_RUNPATH_SEARCH_PATHS = "$(inherited) @executable_path/Frameworks";
				PRODUCT_BUNDLE_IDENTIFIER = com.tianyiyan.XujcClient;
				PRODUCT_NAME = "$(TARGET_NAME)";
				TARGETED_DEVICE_FAMILY = 1;
			};
			name = Debug;
		};
		70F7CE2F1BE3AC25001D027C /* Release */ = {
			isa = XCBuildConfiguration;
			baseConfigurationReference = F11D480843B2B5B2BA56FFB6 /* Pods.release.xcconfig */;
			buildSettings = {
				ASSETCATALOG_COMPILER_APPICON_NAME = AppIcon;
				CODE_SIGN_IDENTITY = "iPhone Developer";
				GCC_PREFIX_HEADER = "$(SRCROOT)/XujcClient/XujcClient-prefix.pch";
				INFOPLIST_FILE = XujcClient/Info.plist;
				LD_RUNPATH_SEARCH_PATHS = "$(inherited) @executable_path/Frameworks";
				PRODUCT_BUNDLE_IDENTIFIER = com.tianyiyan.XujcClient;
				PRODUCT_NAME = "$(TARGET_NAME)";
				TARGETED_DEVICE_FAMILY = 1;
			};
			name = Release;
		};
/* End XCBuildConfiguration section */

/* Begin XCConfigurationList section */
		70F7CE111BE3AC25001D027C /* Build configuration list for PBXProject "XujcClient" */ = {
			isa = XCConfigurationList;
			buildConfigurations = (
				70F7CE2B1BE3AC25001D027C /* Debug */,
				70F7CE2C1BE3AC25001D027C /* Release */,
			);
			defaultConfigurationIsVisible = 0;
			defaultConfigurationName = Release;
		};
		70F7CE2D1BE3AC25001D027C /* Build configuration list for PBXNativeTarget "XujcClient" */ = {
			isa = XCConfigurationList;
			buildConfigurations = (
				70F7CE2E1BE3AC25001D027C /* Debug */,
				70F7CE2F1BE3AC25001D027C /* Release */,
			);
			defaultConfigurationIsVisible = 0;
			defaultConfigurationName = Release;
		};
/* End XCConfigurationList section */
	};
	rootObject = 70F7CE0E1BE3AC25001D027C /* Project object */;
}
